// !$*UTF8*$!
{
	archiveVersion = 1;
	classes = {
	};
	objectVersion = 46;
	objects = {

/* Begin PBXBuildFile section */
		D11391B31D93F39A0023F45C /* Level2Scene.sks in Resources */ = {isa = PBXBuildFile; fileRef = D11391B21D93F39A0023F45C /* Level2Scene.sks */; };
		D11391B51D93F3AB0023F45C /* Level3Scene.sks in Resources */ = {isa = PBXBuildFile; fileRef = D11391B41D93F3AB0023F45C /* Level3Scene.sks */; };
		D12FF8131D0D5B8800AE8128 /* GameInfo.sks in Resources */ = {isa = PBXBuildFile; fileRef = D12FF8121D0D5B8800AE8128 /* GameInfo.sks */; };
		D141033A1DBA58A000377D7C /* Level11Scene.sks in Resources */ = {isa = PBXBuildFile; fileRef = D14103391DBA58A000377D7C /* Level11Scene.sks */; };
		D141033C1DBA71A700377D7C /* Level12Scene.sks in Resources */ = {isa = PBXBuildFile; fileRef = D141033B1DBA71A700377D7C /* Level12Scene.sks */; };
		D141033E1DBA94C500377D7C /* Level13Scene.sks in Resources */ = {isa = PBXBuildFile; fileRef = D141033D1DBA94C500377D7C /* Level13Scene.sks */; };
		D14103401DBA9BE800377D7C /* Level14Scene.sks in Resources */ = {isa = PBXBuildFile; fileRef = D141033F1DBA9BE800377D7C /* Level14Scene.sks */; };
		D14103421DBAA88F00377D7C /* Level15Scene.sks in Resources */ = {isa = PBXBuildFile; fileRef = D14103411DBAA88F00377D7C /* Level15Scene.sks */; };
		D15286F01D089A7400C948CB /* GameAchievement.sks in Resources */ = {isa = PBXBuildFile; fileRef = D15286EF1D089A7400C948CB /* GameAchievement.sks */; };
		D15379741D2BACB7004411E7 /* KKGameData.m in Sources */ = {isa = PBXBuildFile; fileRef = D15379731D2BACB7004411E7 /* KKGameData.m */; };
		D154615D1D07294800127DB3 /* main.m in Sources */ = {isa = PBXBuildFile; fileRef = D154615C1D07294800127DB3 /* main.m */; };
		D15461601D07294800127DB3 /* AppDelegate.m in Sources */ = {isa = PBXBuildFile; fileRef = D154615F1D07294800127DB3 /* AppDelegate.m */; };
		D15461631D07294800127DB3 /* GameScene.m in Sources */ = {isa = PBXBuildFile; fileRef = D15461621D07294800127DB3 /* GameScene.m */; };
		D15461681D07294800127DB3 /* GameViewController.m in Sources */ = {isa = PBXBuildFile; fileRef = D15461671D07294800127DB3 /* GameViewController.m */; };
		D154616B1D07294800127DB3 /* Main.storyboard in Resources */ = {isa = PBXBuildFile; fileRef = D15461691D07294800127DB3 /* Main.storyboard */; };
		D154616D1D07294800127DB3 /* Assets.xcassets in Resources */ = {isa = PBXBuildFile; fileRef = D154616C1D07294800127DB3 /* Assets.xcassets */; };
		D15461701D07294800127DB3 /* LaunchScreen.storyboard in Resources */ = {isa = PBXBuildFile; fileRef = D154616E1D07294800127DB3 /* LaunchScreen.storyboard */; };
		D154617B1D07294900127DB3 /* GoPandaTests.m in Sources */ = {isa = PBXBuildFile; fileRef = D154617A1D07294900127DB3 /* GoPandaTests.m */; };
		D15461861D07294900127DB3 /* GoPandaUITests.m in Sources */ = {isa = PBXBuildFile; fileRef = D15461851D07294900127DB3 /* GoPandaUITests.m */; };
		D15461941D072E4600127DB3 /* GameStart.sks in Resources */ = {isa = PBXBuildFile; fileRef = D15461931D072E4600127DB3 /* GameStart.sks */; };
		D1566F721D362BA800A79A4A /* GameLevels.sks in Resources */ = {isa = PBXBuildFile; fileRef = D1566F711D362BA800A79A4A /* GameLevels.sks */; };
		D156F3481D07FDEF00C3282B /* GameSettings.sks in Resources */ = {isa = PBXBuildFile; fileRef = D156F3471D07FDEF00C3282B /* GameSettings.sks */; };
		D1572BA71DC87D4400BA9BF6 /* savePanda.wav in Resources */ = {isa = PBXBuildFile; fileRef = D1572BA61DC87D4400BA9BF6 /* savePanda.wav */; };
		D157518C1D37DAA30075A4B0 /* ParticleExit.sks in Resources */ = {isa = PBXBuildFile; fileRef = D157518A1D37DAA30075A4B0 /* ParticleExit.sks */; };
		D157518D1D37DAA30075A4B0 /* spark.png in Resources */ = {isa = PBXBuildFile; fileRef = D157518B1D37DAA30075A4B0 /* spark.png */; };
		D16097931D63AE9500607FA5 /* click.wav in Resources */ = {isa = PBXBuildFile; fileRef = D16097921D63AE9400607FA5 /* click.wav */; };
		D16097951D66EAB900607FA5 /* oops.wav in Resources */ = {isa = PBXBuildFile; fileRef = D16097941D66EAB900607FA5 /* oops.wav */; };
		D16097991D66F24900607FA5 /* coin.wav in Resources */ = {isa = PBXBuildFile; fileRef = D16097981D66F24900607FA5 /* coin.wav */; };
		D160979B1D6702B900607FA5 /* spitting.wav in Resources */ = {isa = PBXBuildFile; fileRef = D160979A1D6702B900607FA5 /* spitting.wav */; };
		D160979D1D67039C00607FA5 /* jumpland.wav in Resources */ = {isa = PBXBuildFile; fileRef = D160979C1D67039C00607FA5 /* jumpland.wav */; };
		D160979F1D78069100607FA5 /* pickupheart.wav in Resources */ = {isa = PBXBuildFile; fileRef = D160979E1D78069100607FA5 /* pickupheart.wav */; };
		D16097A11D78454300607FA5 /* lose_sound.mp3 in Resources */ = {isa = PBXBuildFile; fileRef = D16097A01D78454300607FA5 /* lose_sound.mp3 */; };
		D1684F971DD9C0420040510B /* Panda.m in Sources */ = {isa = PBXBuildFile; fileRef = D1684F961DD9C0420040510B /* Panda.m */; };
		D1684F9A1DDA18BF0040510B /* HUD.m in Sources */ = {isa = PBXBuildFile; fileRef = D1684F991DDA18BF0040510B /* HUD.m */; };
		D1684F9D1DDA23BD0040510B /* GameItems.m in Sources */ = {isa = PBXBuildFile; fileRef = D1684F9C1DDA23BD0040510B /* GameItems.m */; };
		D1684FA01DDA2C9C0040510B /* GameSceneWindows.m in Sources */ = {isa = PBXBuildFile; fileRef = D1684F9F1DDA2C9C0040510B /* GameSceneWindows.m */; };
		D1684FA31DDAF75A0040510B /* LittlePandas.m in Sources */ = {isa = PBXBuildFile; fileRef = D1684FA21DDAF7590040510B /* LittlePandas.m */; };
		D168BEF61D7F633F00361BEB /* win_sound.wav in Resources */ = {isa = PBXBuildFile; fileRef = D168BEF51D7F633F00361BEB /* win_sound.wav */; };
		D175AE1E1DB16E19006F9E61 /* Level5Scene.sks in Resources */ = {isa = PBXBuildFile; fileRef = D175AE1D1DB16E19006F9E61 /* Level5Scene.sks */; };
		D175AE201DB4E2A9006F9E61 /* Level6Scene.sks in Resources */ = {isa = PBXBuildFile; fileRef = D175AE1F1DB4E2A9006F9E61 /* Level6Scene.sks */; };
		D175AE221DB90AE6006F9E61 /* Level10Scene.sks in Resources */ = {isa = PBXBuildFile; fileRef = D175AE211DB90AE6006F9E61 /* Level10Scene.sks */; };
		D17EA8671D4B9CBC003DB8C2 /* click1.wav in Resources */ = {isa = PBXBuildFile; fileRef = D17EA8661D4B9CBC003DB8C2 /* click1.wav */; };
		D17EA8691D4B9CC8003DB8C2 /* mainTheme.mp3 in Resources */ = {isa = PBXBuildFile; fileRef = D17EA8681D4B9CC8003DB8C2 /* mainTheme.mp3 */; };
		D19866001D5377B70015C937 /* menuTheme.mp3 in Resources */ = {isa = PBXBuildFile; fileRef = D19865FF1D5377B70015C937 /* menuTheme.mp3 */; };
		D19866091D5C91390015C937 /* MenuScenesController.m in Sources */ = {isa = PBXBuildFile; fileRef = D19866081D5C91390015C937 /* MenuScenesController.m */; };
		D1EBD1371D149D4E00C82F48 /* CoreMotion.framework in Frameworks */ = {isa = PBXBuildFile; fileRef = D1EBD1361D149D4D00C82F48 /* CoreMotion.framework */; };
		D1F27DFA1D98F89100DF7FD2 /* Level1Scene.sks in Resources */ = {isa = PBXBuildFile; fileRef = D1F27DF91D98F89100DF7FD2 /* Level1Scene.sks */; };
		D1F27E071D98F89F00DF7FD2 /* Level4Scene.sks in Resources */ = {isa = PBXBuildFile; fileRef = D1F27DFB1D98F89F00DF7FD2 /* Level4Scene.sks */; };
		D1F27E0A1D98F89F00DF7FD2 /* Level7Scene.sks in Resources */ = {isa = PBXBuildFile; fileRef = D1F27DFE1D98F89F00DF7FD2 /* Level7Scene.sks */; };
		D1F27E0B1D98F89F00DF7FD2 /* Level8Scene.sks in Resources */ = {isa = PBXBuildFile; fileRef = D1F27DFF1D98F89F00DF7FD2 /* Level8Scene.sks */; };
		D1F27E0C1D98F89F00DF7FD2 /* Level9Scene.sks in Resources */ = {isa = PBXBuildFile; fileRef = D1F27E001D98F89F00DF7FD2 /* Level9Scene.sks */; };
		E0A7195331CE0CC3E053B56B /* libPods-GoPanda.a in Frameworks */ = {isa = PBXBuildFile; fileRef = 21679484A824287AEDD1E60F /* libPods-GoPanda.a */; };
/* End PBXBuildFile section */

/* Begin PBXContainerItemProxy section */
		D15461771D07294900127DB3 /* PBXContainerItemProxy */ = {
			isa = PBXContainerItemProxy;
			containerPortal = D15461501D07294800127DB3 /* Project object */;
			proxyType = 1;
			remoteGlobalIDString = D15461571D07294800127DB3;
			remoteInfo = GoPanda;
		};
		D15461821D07294900127DB3 /* PBXContainerItemProxy */ = {
			isa = PBXContainerItemProxy;
			containerPortal = D15461501D07294800127DB3 /* Project object */;
			proxyType = 1;
			remoteGlobalIDString = D15461571D07294800127DB3;
			remoteInfo = GoPanda;
		};
/* End PBXContainerItemProxy section */

/* Begin PBXFileReference section */
		21679484A824287AEDD1E60F /* libPods-GoPanda.a */ = {isa = PBXFileReference; explicitFileType = archive.ar; includeInIndex = 0; path = "libPods-GoPanda.a"; sourceTree = BUILT_PRODUCTS_DIR; };
		319FDD38B5854E9CC4C88D87 /* Pods-GoPanda.release.xcconfig */ = {isa = PBXFileReference; includeInIndex = 1; lastKnownFileType = text.xcconfig; name = "Pods-GoPanda.release.xcconfig"; path = "Pods/Target Support Files/Pods-GoPanda/Pods-GoPanda.release.xcconfig"; sourceTree = "<group>"; };
		D11391B21D93F39A0023F45C /* Level2Scene.sks */ = {isa = PBXFileReference; lastKnownFileType = file.sks; path = Level2Scene.sks; sourceTree = "<group>"; };
		D11391B41D93F3AB0023F45C /* Level3Scene.sks */ = {isa = PBXFileReference; lastKnownFileType = file.sks; path = Level3Scene.sks; sourceTree = "<group>"; };
		D12FF8121D0D5B8800AE8128 /* GameInfo.sks */ = {isa = PBXFileReference; lastKnownFileType = file.sks; path = GameInfo.sks; sourceTree = "<group>"; };
		D14103391DBA58A000377D7C /* Level11Scene.sks */ = {isa = PBXFileReference; lastKnownFileType = file.sks; path = Level11Scene.sks; sourceTree = "<group>"; };
		D141033B1DBA71A700377D7C /* Level12Scene.sks */ = {isa = PBXFileReference; lastKnownFileType = file.sks; path = Level12Scene.sks; sourceTree = "<group>"; };
		D141033D1DBA94C500377D7C /* Level13Scene.sks */ = {isa = PBXFileReference; lastKnownFileType = file.sks; path = Level13Scene.sks; sourceTree = "<group>"; };
		D141033F1DBA9BE800377D7C /* Level14Scene.sks */ = {isa = PBXFileReference; lastKnownFileType = file.sks; path = Level14Scene.sks; sourceTree = "<group>"; };
		D14103411DBAA88F00377D7C /* Level15Scene.sks */ = {isa = PBXFileReference; lastKnownFileType = file.sks; path = Level15Scene.sks; sourceTree = "<group>"; };
		D15286EF1D089A7400C948CB /* GameAchievement.sks */ = {isa = PBXFileReference; lastKnownFileType = file.sks; path = GameAchievement.sks; sourceTree = "<group>"; };
		D15379721D2BACB7004411E7 /* KKGameData.h */ = {isa = PBXFileReference; fileEncoding = 4; lastKnownFileType = sourcecode.c.h; path = KKGameData.h; sourceTree = "<group>"; };
		D15379731D2BACB7004411E7 /* KKGameData.m */ = {isa = PBXFileReference; fileEncoding = 4; lastKnownFileType = sourcecode.c.objc; path = KKGameData.m; sourceTree = "<group>"; };
		D15461581D07294800127DB3 /* GoPanda.app */ = {isa = PBXFileReference; explicitFileType = wrapper.application; includeInIndex = 0; path = GoPanda.app; sourceTree = BUILT_PRODUCTS_DIR; };
		D154615C1D07294800127DB3 /* main.m */ = {isa = PBXFileReference; lastKnownFileType = sourcecode.c.objc; path = main.m; sourceTree = "<group>"; };
		D154615E1D07294800127DB3 /* AppDelegate.h */ = {isa = PBXFileReference; lastKnownFileType = sourcecode.c.h; path = AppDelegate.h; sourceTree = "<group>"; };
		D154615F1D07294800127DB3 /* AppDelegate.m */ = {isa = PBXFileReference; lastKnownFileType = sourcecode.c.objc; path = AppDelegate.m; sourceTree = "<group>"; };
		D15461611D07294800127DB3 /* GameScene.h */ = {isa = PBXFileReference; lastKnownFileType = sourcecode.c.h; path = GameScene.h; sourceTree = "<group>"; };
		D15461621D07294800127DB3 /* GameScene.m */ = {isa = PBXFileReference; lastKnownFileType = sourcecode.c.objc; path = GameScene.m; sourceTree = "<group>"; };
		D15461661D07294800127DB3 /* GameViewController.h */ = {isa = PBXFileReference; lastKnownFileType = sourcecode.c.h; path = GameViewController.h; sourceTree = "<group>"; };
		D15461671D07294800127DB3 /* GameViewController.m */ = {isa = PBXFileReference; lastKnownFileType = sourcecode.c.objc; path = GameViewController.m; sourceTree = "<group>"; };
		D154616A1D07294800127DB3 /* Base */ = {isa = PBXFileReference; lastKnownFileType = file.storyboard; name = Base; path = Base.lproj/Main.storyboard; sourceTree = "<group>"; };
		D154616C1D07294800127DB3 /* Assets.xcassets */ = {isa = PBXFileReference; lastKnownFileType = folder.assetcatalog; path = Assets.xcassets; sourceTree = "<group>"; };
		D154616F1D07294800127DB3 /* Base */ = {isa = PBXFileReference; lastKnownFileType = file.storyboard; name = Base; path = Base.lproj/LaunchScreen.storyboard; sourceTree = "<group>"; };
		D15461711D07294800127DB3 /* Info.plist */ = {isa = PBXFileReference; lastKnownFileType = text.plist.xml; path = Info.plist; sourceTree = "<group>"; };
		D15461761D07294900127DB3 /* GoPandaTests.xctest */ = {isa = PBXFileReference; explicitFileType = wrapper.cfbundle; includeInIndex = 0; path = GoPandaTests.xctest; sourceTree = BUILT_PRODUCTS_DIR; };
		D154617A1D07294900127DB3 /* GoPandaTests.m */ = {isa = PBXFileReference; lastKnownFileType = sourcecode.c.objc; path = GoPandaTests.m; sourceTree = "<group>"; };
		D154617C1D07294900127DB3 /* Info.plist */ = {isa = PBXFileReference; lastKnownFileType = text.plist.xml; path = Info.plist; sourceTree = "<group>"; };
		D15461811D07294900127DB3 /* GoPandaUITests.xctest */ = {isa = PBXFileReference; explicitFileType = wrapper.cfbundle; includeInIndex = 0; path = GoPandaUITests.xctest; sourceTree = BUILT_PRODUCTS_DIR; };
		D15461851D07294900127DB3 /* GoPandaUITests.m */ = {isa = PBXFileReference; lastKnownFileType = sourcecode.c.objc; path = GoPandaUITests.m; sourceTree = "<group>"; };
		D15461871D07294900127DB3 /* Info.plist */ = {isa = PBXFileReference; lastKnownFileType = text.plist.xml; path = Info.plist; sourceTree = "<group>"; };
		D15461931D072E4600127DB3 /* GameStart.sks */ = {isa = PBXFileReference; lastKnownFileType = file.sks; path = GameStart.sks; sourceTree = "<group>"; };
		D1566F711D362BA800A79A4A /* GameLevels.sks */ = {isa = PBXFileReference; lastKnownFileType = file.sks; path = GameLevels.sks; sourceTree = "<group>"; };
		D156F3471D07FDEF00C3282B /* GameSettings.sks */ = {isa = PBXFileReference; lastKnownFileType = file.sks; path = GameSettings.sks; sourceTree = "<group>"; };
		D1572BA61DC87D4400BA9BF6 /* savePanda.wav */ = {isa = PBXFileReference; lastKnownFileType = audio.wav; path = savePanda.wav; sourceTree = "<group>"; };
		D157518A1D37DAA30075A4B0 /* ParticleExit.sks */ = {isa = PBXFileReference; lastKnownFileType = file.sks; path = ParticleExit.sks; sourceTree = "<group>"; };
		D157518B1D37DAA30075A4B0 /* spark.png */ = {isa = PBXFileReference; lastKnownFileType = image.png; path = spark.png; sourceTree = "<group>"; };
		D16097921D63AE9400607FA5 /* click.wav */ = {isa = PBXFileReference; lastKnownFileType = audio.wav; path = click.wav; sourceTree = "<group>"; };
		D16097941D66EAB900607FA5 /* oops.wav */ = {isa = PBXFileReference; lastKnownFileType = audio.wav; path = oops.wav; sourceTree = "<group>"; };
		D16097981D66F24900607FA5 /* coin.wav */ = {isa = PBXFileReference; lastKnownFileType = audio.wav; path = coin.wav; sourceTree = "<group>"; };
		D160979A1D6702B900607FA5 /* spitting.wav */ = {isa = PBXFileReference; lastKnownFileType = audio.wav; path = spitting.wav; sourceTree = "<group>"; };
		D160979C1D67039C00607FA5 /* jumpland.wav */ = {isa = PBXFileReference; lastKnownFileType = audio.wav; path = jumpland.wav; sourceTree = "<group>"; };
		D160979E1D78069100607FA5 /* pickupheart.wav */ = {isa = PBXFileReference; lastKnownFileType = audio.wav; path = pickupheart.wav; sourceTree = "<group>"; };
		D16097A01D78454300607FA5 /* lose_sound.mp3 */ = {isa = PBXFileReference; lastKnownFileType = audio.mp3; path = lose_sound.mp3; sourceTree = "<group>"; };
		D1684F951DD9C0420040510B /* Panda.h */ = {isa = PBXFileReference; fileEncoding = 4; lastKnownFileType = sourcecode.c.h; path = Panda.h; sourceTree = "<group>"; };
		D1684F961DD9C0420040510B /* Panda.m */ = {isa = PBXFileReference; fileEncoding = 4; lastKnownFileType = sourcecode.c.objc; path = Panda.m; sourceTree = "<group>"; };
		D1684F981DDA18BF0040510B /* HUD.h */ = {isa = PBXFileReference; fileEncoding = 4; lastKnownFileType = sourcecode.c.h; path = HUD.h; sourceTree = "<group>"; };
		D1684F991DDA18BF0040510B /* HUD.m */ = {isa = PBXFileReference; fileEncoding = 4; lastKnownFileType = sourcecode.c.objc; path = HUD.m; sourceTree = "<group>"; };
		D1684F9B1DDA23BD0040510B /* GameItems.h */ = {isa = PBXFileReference; fileEncoding = 4; lastKnownFileType = sourcecode.c.h; path = GameItems.h; sourceTree = "<group>"; };
		D1684F9C1DDA23BD0040510B /* GameItems.m */ = {isa = PBXFileReference; fileEncoding = 4; lastKnownFileType = sourcecode.c.objc; path = GameItems.m; sourceTree = "<group>"; };
		D1684F9E1DDA2C9B0040510B /* GameSceneWindows.h */ = {isa = PBXFileReference; fileEncoding = 4; lastKnownFileType = sourcecode.c.h; path = GameSceneWindows.h; sourceTree = "<group>"; };
		D1684F9F1DDA2C9C0040510B /* GameSceneWindows.m */ = {isa = PBXFileReference; fileEncoding = 4; lastKnownFileType = sourcecode.c.objc; path = GameSceneWindows.m; sourceTree = "<group>"; };
		D1684FA11DDAF7590040510B /* LittlePandas.h */ = {isa = PBXFileReference; fileEncoding = 4; lastKnownFileType = sourcecode.c.h; path = LittlePandas.h; sourceTree = "<group>"; };
		D1684FA21DDAF7590040510B /* LittlePandas.m */ = {isa = PBXFileReference; fileEncoding = 4; lastKnownFileType = sourcecode.c.objc; path = LittlePandas.m; sourceTree = "<group>"; };
		D168BEF51D7F633F00361BEB /* win_sound.wav */ = {isa = PBXFileReference; lastKnownFileType = audio.wav; path = win_sound.wav; sourceTree = "<group>"; };
		D175AE1D1DB16E19006F9E61 /* Level5Scene.sks */ = {isa = PBXFileReference; lastKnownFileType = file.sks; path = Level5Scene.sks; sourceTree = "<group>"; };
		D175AE1F1DB4E2A9006F9E61 /* Level6Scene.sks */ = {isa = PBXFileReference; lastKnownFileType = file.sks; path = Level6Scene.sks; sourceTree = "<group>"; };
		D175AE211DB90AE6006F9E61 /* Level10Scene.sks */ = {isa = PBXFileReference; lastKnownFileType = file.sks; path = Level10Scene.sks; sourceTree = "<group>"; };
		D17EA8661D4B9CBC003DB8C2 /* click1.wav */ = {isa = PBXFileReference; lastKnownFileType = audio.wav; path = click1.wav; sourceTree = "<group>"; };
		D17EA8681D4B9CC8003DB8C2 /* mainTheme.mp3 */ = {isa = PBXFileReference; lastKnownFileType = audio.mp3; path = mainTheme.mp3; sourceTree = "<group>"; };
		D19865FF1D5377B70015C937 /* menuTheme.mp3 */ = {isa = PBXFileReference; lastKnownFileType = audio.mp3; path = menuTheme.mp3; sourceTree = "<group>"; };
		D19866071D5C91390015C937 /* MenuScenesController.h */ = {isa = PBXFileReference; fileEncoding = 4; lastKnownFileType = sourcecode.c.h; path = MenuScenesController.h; sourceTree = "<group>"; };
		D19866081D5C91390015C937 /* MenuScenesController.m */ = {isa = PBXFileReference; fileEncoding = 4; lastKnownFileType = sourcecode.c.objc; path = MenuScenesController.m; sourceTree = "<group>"; };
		D1EBD1361D149D4D00C82F48 /* CoreMotion.framework */ = {isa = PBXFileReference; lastKnownFileType = wrapper.framework; name = CoreMotion.framework; path = System/Library/Frameworks/CoreMotion.framework; sourceTree = SDKROOT; };
		D1F27DF91D98F89100DF7FD2 /* Level1Scene.sks */ = {isa = PBXFileReference; lastKnownFileType = file.sks; path = Level1Scene.sks; sourceTree = "<group>"; };
		D1F27DFB1D98F89F00DF7FD2 /* Level4Scene.sks */ = {isa = PBXFileReference; lastKnownFileType = file.sks; path = Level4Scene.sks; sourceTree = "<group>"; };
		D1F27DFE1D98F89F00DF7FD2 /* Level7Scene.sks */ = {isa = PBXFileReference; lastKnownFileType = file.sks; path = Level7Scene.sks; sourceTree = "<group>"; };
		D1F27DFF1D98F89F00DF7FD2 /* Level8Scene.sks */ = {isa = PBXFileReference; lastKnownFileType = file.sks; path = Level8Scene.sks; sourceTree = "<group>"; };
		D1F27E001D98F89F00DF7FD2 /* Level9Scene.sks */ = {isa = PBXFileReference; lastKnownFileType = file.sks; path = Level9Scene.sks; sourceTree = "<group>"; };
		E5ABCA5B741C4C5A308EB770 /* Pods-GoPanda.debug.xcconfig */ = {isa = PBXFileReference; includeInIndex = 1; lastKnownFileType = text.xcconfig; name = "Pods-GoPanda.debug.xcconfig"; path = "Pods/Target Support Files/Pods-GoPanda/Pods-GoPanda.debug.xcconfig"; sourceTree = "<group>"; };
/* End PBXFileReference section */

/* Begin PBXFrameworksBuildPhase section */
		D15461551D07294800127DB3 /* Frameworks */ = {
			isa = PBXFrameworksBuildPhase;
			buildActionMask = 2147483647;
			files = (
				D1EBD1371D149D4E00C82F48 /* CoreMotion.framework in Frameworks */,
				E0A7195331CE0CC3E053B56B /* libPods-GoPanda.a in Frameworks */,
			);
			runOnlyForDeploymentPostprocessing = 0;
		};
		D15461731D07294900127DB3 /* Frameworks */ = {
			isa = PBXFrameworksBuildPhase;
			buildActionMask = 2147483647;
			files = (
			);
			runOnlyForDeploymentPostprocessing = 0;
		};
		D154617E1D07294900127DB3 /* Frameworks */ = {
			isa = PBXFrameworksBuildPhase;
			buildActionMask = 2147483647;
			files = (
			);
			runOnlyForDeploymentPostprocessing = 0;
		};
/* End PBXFrameworksBuildPhase section */

/* Begin PBXGroup section */
		4844836AC47221B8BEE1A5FD /* Pods */ = {
			isa = PBXGroup;
			children = (
				E5ABCA5B741C4C5A308EB770 /* Pods-GoPanda.debug.xcconfig */,
				319FDD38B5854E9CC4C88D87 /* Pods-GoPanda.release.xcconfig */,
			);
			name = Pods;
			sourceTree = "<group>";
		};
		5FB6F37878D169D80DB69A19 /* Frameworks */ = {
			isa = PBXGroup;
			children = (
				D1EBD1361D149D4D00C82F48 /* CoreMotion.framework */,
				21679484A824287AEDD1E60F /* libPods-GoPanda.a */,
			);
			name = Frameworks;
			sourceTree = "<group>";
		};
		D1516FB11D36478F002DE76C /* Level scenes */ = {
			isa = PBXGroup;
			children = (
				D1F27DF91D98F89100DF7FD2 /* Level1Scene.sks */,
				D11391B21D93F39A0023F45C /* Level2Scene.sks */,
				D11391B41D93F3AB0023F45C /* Level3Scene.sks */,
				D1F27DFB1D98F89F00DF7FD2 /* Level4Scene.sks */,
				D175AE1D1DB16E19006F9E61 /* Level5Scene.sks */,
				D175AE1F1DB4E2A9006F9E61 /* Level6Scene.sks */,
				D1F27DFE1D98F89F00DF7FD2 /* Level7Scene.sks */,
				D1F27DFF1D98F89F00DF7FD2 /* Level8Scene.sks */,
				D1F27E001D98F89F00DF7FD2 /* Level9Scene.sks */,
				D175AE211DB90AE6006F9E61 /* Level10Scene.sks */,
				D14103391DBA58A000377D7C /* Level11Scene.sks */,
				D141033B1DBA71A700377D7C /* Level12Scene.sks */,
				D141033D1DBA94C500377D7C /* Level13Scene.sks */,
				D141033F1DBA9BE800377D7C /* Level14Scene.sks */,
				D14103411DBAA88F00377D7C /* Level15Scene.sks */,
				D157518A1D37DAA30075A4B0 /* ParticleExit.sks */,
				D157518B1D37DAA30075A4B0 /* spark.png */,
			);
			name = "Level scenes";
			sourceTree = "<group>";
		};
		D154614F1D07294800127DB3 = {
			isa = PBXGroup;
			children = (
				D154615A1D07294800127DB3 /* GoPanda */,
				D15461791D07294900127DB3 /* GoPandaTests */,
				D15461841D07294900127DB3 /* GoPandaUITests */,
				D15461591D07294800127DB3 /* Products */,
				4844836AC47221B8BEE1A5FD /* Pods */,
				5FB6F37878D169D80DB69A19 /* Frameworks */,
			);
			sourceTree = "<group>";
		};
		D15461591D07294800127DB3 /* Products */ = {
			isa = PBXGroup;
			children = (
				D15461581D07294800127DB3 /* GoPanda.app */,
				D15461761D07294900127DB3 /* GoPandaTests.xctest */,
				D15461811D07294900127DB3 /* GoPandaUITests.xctest */,
			);
			name = Products;
			sourceTree = "<group>";
		};
		D154615A1D07294800127DB3 /* GoPanda */ = {
			isa = PBXGroup;
			children = (
				D198660A1D5C95660015C937 /* Scenes */,
				D1684F941DD9BC4E0040510B /* GameScene */,
				D15379721D2BACB7004411E7 /* KKGameData.h */,
				D15379731D2BACB7004411E7 /* KKGameData.m */,
				D19866071D5C91390015C937 /* MenuScenesController.h */,
				D19866081D5C91390015C937 /* MenuScenesController.m */,
				D15461661D07294800127DB3 /* GameViewController.h */,
				D15461671D07294800127DB3 /* GameViewController.m */,
				D154615E1D07294800127DB3 /* AppDelegate.h */,
				D154615F1D07294800127DB3 /* AppDelegate.m */,
				D15461691D07294800127DB3 /* Main.storyboard */,
				D154616E1D07294800127DB3 /* LaunchScreen.storyboard */,
				D154616C1D07294800127DB3 /* Assets.xcassets */,
				D15461711D07294800127DB3 /* Info.plist */,
				D1684F931DD9BB980040510B /* Sounds */,
				D154615B1D07294800127DB3 /* Supporting Files */,
			);
			path = GoPanda;
			sourceTree = "<group>";
		};
		D154615B1D07294800127DB3 /* Supporting Files */ = {
			isa = PBXGroup;
			children = (
				D154615C1D07294800127DB3 /* main.m */,
			);
			name = "Supporting Files";
			sourceTree = "<group>";
		};
		D15461791D07294900127DB3 /* GoPandaTests */ = {
			isa = PBXGroup;
			children = (
				D154617A1D07294900127DB3 /* GoPandaTests.m */,
				D154617C1D07294900127DB3 /* Info.plist */,
			);
			path = GoPandaTests;
			sourceTree = "<group>";
		};
		D15461841D07294900127DB3 /* GoPandaUITests */ = {
			isa = PBXGroup;
			children = (
				D15461851D07294900127DB3 /* GoPandaUITests.m */,
				D15461871D07294900127DB3 /* Info.plist */,
			);
			path = GoPandaUITests;
			sourceTree = "<group>";
		};
		D1684F931DD9BB980040510B /* Sounds */ = {
			isa = PBXGroup;
			children = (
				D17EA8681D4B9CC8003DB8C2 /* mainTheme.mp3 */,
				D19865FF1D5377B70015C937 /* menuTheme.mp3 */,
				D16097941D66EAB900607FA5 /* oops.wav */,
				D16097A01D78454300607FA5 /* lose_sound.mp3 */,
				D168BEF51D7F633F00361BEB /* win_sound.wav */,
				D16097981D66F24900607FA5 /* coin.wav */,
				D160979E1D78069100607FA5 /* pickupheart.wav */,
				D1572BA61DC87D4400BA9BF6 /* savePanda.wav */,
				D160979C1D67039C00607FA5 /* jumpland.wav */,
				D160979A1D6702B900607FA5 /* spitting.wav */,
				D16097921D63AE9400607FA5 /* click.wav */,
				D17EA8661D4B9CBC003DB8C2 /* click1.wav */,
			);
			name = Sounds;
			sourceTree = "<group>";
		};
		D1684F941DD9BC4E0040510B /* GameScene */ = {
			isa = PBXGroup;
			children = (
				D15461611D07294800127DB3 /* GameScene.h */,
				D15461621D07294800127DB3 /* GameScene.m */,
				D1684F951DD9C0420040510B /* Panda.h */,
				D1684F961DD9C0420040510B /* Panda.m */,
				D1684FA11DDAF7590040510B /* LittlePandas.h */,
				D1684FA21DDAF7590040510B /* LittlePandas.m */,
				D1684F981DDA18BF0040510B /* HUD.h */,
				D1684F991DDA18BF0040510B /* HUD.m */,
				D1684F9B1DDA23BD0040510B /* GameItems.h */,
				D1684F9C1DDA23BD0040510B /* GameItems.m */,
				D1684F9E1DDA2C9B0040510B /* GameSceneWindows.h */,
				D1684F9F1DDA2C9C0040510B /* GameSceneWindows.m */,
			);
			name = GameScene;
			sourceTree = "<group>";
		};
		D198660A1D5C95660015C937 /* Scenes */ = {
			isa = PBXGroup;
			children = (
				D1516FB11D36478F002DE76C /* Level scenes */,
				D15461931D072E4600127DB3 /* GameStart.sks */,
				D156F3471D07FDEF00C3282B /* GameSettings.sks */,
				D15286EF1D089A7400C948CB /* GameAchievement.sks */,
				D1566F711D362BA800A79A4A /* GameLevels.sks */,
				D12FF8121D0D5B8800AE8128 /* GameInfo.sks */,
			);
			name = Scenes;
			sourceTree = "<group>";
		};
/* End PBXGroup section */

/* Begin PBXNativeTarget section */
		D15461571D07294800127DB3 /* GoPanda */ = {
			isa = PBXNativeTarget;
			buildConfigurationList = D154618A1D07294900127DB3 /* Build configuration list for PBXNativeTarget "GoPanda" */;
			buildPhases = (
				0C4A62C9A4FF6560C133AE0D /* Check Pods Manifest.lock */,
				D15461541D07294800127DB3 /* Sources */,
				D15461551D07294800127DB3 /* Frameworks */,
				D15461561D07294800127DB3 /* Resources */,
				4A22C56F8DD0739109240AC8 /* Embed Pods Frameworks */,
				E4BD291F931820FBE43689F5 /* Copy Pods Resources */,
			);
			buildRules = (
			);
			dependencies = (
			);
			name = GoPanda;
			productName = GoPanda;
			productReference = D15461581D07294800127DB3 /* GoPanda.app */;
			productType = "com.apple.product-type.application";
		};
		D15461751D07294900127DB3 /* GoPandaTests */ = {
			isa = PBXNativeTarget;
			buildConfigurationList = D154618D1D07294900127DB3 /* Build configuration list for PBXNativeTarget "GoPandaTests" */;
			buildPhases = (
				D15461721D07294900127DB3 /* Sources */,
				D15461731D07294900127DB3 /* Frameworks */,
				D15461741D07294900127DB3 /* Resources */,
			);
			buildRules = (
			);
			dependencies = (
				D15461781D07294900127DB3 /* PBXTargetDependency */,
			);
			name = GoPandaTests;
			productName = GoPandaTests;
			productReference = D15461761D07294900127DB3 /* GoPandaTests.xctest */;
			productType = "com.apple.product-type.bundle.unit-test";
		};
		D15461801D07294900127DB3 /* GoPandaUITests */ = {
			isa = PBXNativeTarget;
			buildConfigurationList = D15461901D07294900127DB3 /* Build configuration list for PBXNativeTarget "GoPandaUITests" */;
			buildPhases = (
				D154617D1D07294900127DB3 /* Sources */,
				D154617E1D07294900127DB3 /* Frameworks */,
				D154617F1D07294900127DB3 /* Resources */,
			);
			buildRules = (
			);
			dependencies = (
				D15461831D07294900127DB3 /* PBXTargetDependency */,
			);
			name = GoPandaUITests;
			productName = GoPandaUITests;
			productReference = D15461811D07294900127DB3 /* GoPandaUITests.xctest */;
			productType = "com.apple.product-type.bundle.ui-testing";
		};
/* End PBXNativeTarget section */

/* Begin PBXProject section */
		D15461501D07294800127DB3 /* Project object */ = {
			isa = PBXProject;
			attributes = {
				LastUpgradeCheck = 0800;
				ORGANIZATIONNAME = "Ekaterina Krasnova";
				TargetAttributes = {
					D15461571D07294800127DB3 = {
						CreatedOnToolsVersion = 7.3.1;
						DevelopmentTeam = VFT96SPKF7;
						ProvisioningStyle = Automatic;
					};
					D15461751D07294900127DB3 = {
						CreatedOnToolsVersion = 7.3.1;
						DevelopmentTeam = VFT96SPKF7;
						TestTargetID = D15461571D07294800127DB3;
					};
					D15461801D07294900127DB3 = {
						CreatedOnToolsVersion = 7.3.1;
						DevelopmentTeam = VFT96SPKF7;
						TestTargetID = D15461571D07294800127DB3;
					};
				};
			};
			buildConfigurationList = D15461531D07294800127DB3 /* Build configuration list for PBXProject "GoPanda" */;
			compatibilityVersion = "Xcode 3.2";
			developmentRegion = English;
			hasScannedForEncodings = 0;
			knownRegions = (
				en,
				Base,
			);
			mainGroup = D154614F1D07294800127DB3;
			productRefGroup = D15461591D07294800127DB3 /* Products */;
			projectDirPath = "";
			projectRoot = "";
			targets = (
				D15461571D07294800127DB3 /* GoPanda */,
				D15461751D07294900127DB3 /* GoPandaTests */,
				D15461801D07294900127DB3 /* GoPandaUITests */,
			);
		};
/* End PBXProject section */

/* Begin PBXResourcesBuildPhase section */
		D15461561D07294800127DB3 /* Resources */ = {
			isa = PBXResourcesBuildPhase;
			buildActionMask = 2147483647;
			files = (
				D11391B31D93F39A0023F45C /* Level2Scene.sks in Resources */,
				D157518C1D37DAA30075A4B0 /* ParticleExit.sks in Resources */,
				D175AE201DB4E2A9006F9E61 /* Level6Scene.sks in Resources */,
				D160979D1D67039C00607FA5 /* jumpland.wav in Resources */,
				D16097991D66F24900607FA5 /* coin.wav in Resources */,
				D160979F1D78069100607FA5 /* pickupheart.wav in Resources */,
				D141033A1DBA58A000377D7C /* Level11Scene.sks in Resources */,
				D1F27E0B1D98F89F00DF7FD2 /* Level8Scene.sks in Resources */,
				D12FF8131D0D5B8800AE8128 /* GameInfo.sks in Resources */,
				D16097931D63AE9500607FA5 /* click.wav in Resources */,
				D16097951D66EAB900607FA5 /* oops.wav in Resources */,
				D1572BA71DC87D4400BA9BF6 /* savePanda.wav in Resources */,
				D160979B1D6702B900607FA5 /* spitting.wav in Resources */,
				D1F27E0A1D98F89F00DF7FD2 /* Level7Scene.sks in Resources */,
				D168BEF61D7F633F00361BEB /* win_sound.wav in Resources */,
				D141033C1DBA71A700377D7C /* Level12Scene.sks in Resources */,
				D17EA8691D4B9CC8003DB8C2 /* mainTheme.mp3 in Resources */,
				D1F27E071D98F89F00DF7FD2 /* Level4Scene.sks in Resources */,
				D15461701D07294800127DB3 /* LaunchScreen.storyboard in Resources */,
				D1F27E0C1D98F89F00DF7FD2 /* Level9Scene.sks in Resources */,
				D15461941D072E4600127DB3 /* GameStart.sks in Resources */,
				D15286F01D089A7400C948CB /* GameAchievement.sks in Resources */,
				D16097A11D78454300607FA5 /* lose_sound.mp3 in Resources */,
				D175AE221DB90AE6006F9E61 /* Level10Scene.sks in Resources */,
				D1F27DFA1D98F89100DF7FD2 /* Level1Scene.sks in Resources */,
				D1566F721D362BA800A79A4A /* GameLevels.sks in Resources */,
				D11391B51D93F3AB0023F45C /* Level3Scene.sks in Resources */,
				D17EA8671D4B9CBC003DB8C2 /* click1.wav in Resources */,
				D154616D1D07294800127DB3 /* Assets.xcassets in Resources */,
				D141033E1DBA94C500377D7C /* Level13Scene.sks in Resources */,
				D175AE1E1DB16E19006F9E61 /* Level5Scene.sks in Resources */,
				D14103401DBA9BE800377D7C /* Level14Scene.sks in Resources */,
				D14103421DBAA88F00377D7C /* Level15Scene.sks in Resources */,
				D157518D1D37DAA30075A4B0 /* spark.png in Resources */,
				D19866001D5377B70015C937 /* menuTheme.mp3 in Resources */,
				D154616B1D07294800127DB3 /* Main.storyboard in Resources */,
				D156F3481D07FDEF00C3282B /* GameSettings.sks in Resources */,
			);
			runOnlyForDeploymentPostprocessing = 0;
		};
		D15461741D07294900127DB3 /* Resources */ = {
			isa = PBXResourcesBuildPhase;
			buildActionMask = 2147483647;
			files = (
			);
			runOnlyForDeploymentPostprocessing = 0;
		};
		D154617F1D07294900127DB3 /* Resources */ = {
			isa = PBXResourcesBuildPhase;
			buildActionMask = 2147483647;
			files = (
			);
			runOnlyForDeploymentPostprocessing = 0;
		};
/* End PBXResourcesBuildPhase section */

/* Begin PBXShellScriptBuildPhase section */
		0C4A62C9A4FF6560C133AE0D /* Check Pods Manifest.lock */ = {
			isa = PBXShellScriptBuildPhase;
			buildActionMask = 2147483647;
			files = (
			);
			inputPaths = (
			);
			name = "Check Pods Manifest.lock";
			outputPaths = (
			);
			runOnlyForDeploymentPostprocessing = 0;
			shellPath = /bin/sh;
			shellScript = "diff \"${PODS_ROOT}/../Podfile.lock\" \"${PODS_ROOT}/Manifest.lock\" > /dev/null\nif [[ $? != 0 ]] ; then\n    cat << EOM\nerror: The sandbox is not in sync with the Podfile.lock. Run 'pod install' or update your CocoaPods installation.\nEOM\n    exit 1\nfi\n";
			showEnvVarsInLog = 0;
		};
		4A22C56F8DD0739109240AC8 /* Embed Pods Frameworks */ = {
			isa = PBXShellScriptBuildPhase;
			buildActionMask = 2147483647;
			files = (
			);
			inputPaths = (
			);
			name = "Embed Pods Frameworks";
			outputPaths = (
			);
			runOnlyForDeploymentPostprocessing = 0;
			shellPath = /bin/sh;
			shellScript = "\"${SRCROOT}/Pods/Target Support Files/Pods-GoPanda/Pods-GoPanda-frameworks.sh\"\n";
			showEnvVarsInLog = 0;
		};
		E4BD291F931820FBE43689F5 /* Copy Pods Resources */ = {
			isa = PBXShellScriptBuildPhase;
			buildActionMask = 2147483647;
			files = (
			);
			inputPaths = (
			);
			name = "Copy Pods Resources";
			outputPaths = (
			);
			runOnlyForDeploymentPostprocessing = 0;
			shellPath = /bin/sh;
			shellScript = "\"${SRCROOT}/Pods/Target Support Files/Pods-GoPanda/Pods-GoPanda-resources.sh\"\n";
			showEnvVarsInLog = 0;
		};
/* End PBXShellScriptBuildPhase section */

/* Begin PBXSourcesBuildPhase section */
		D15461541D07294800127DB3 /* Sources */ = {
			isa = PBXSourcesBuildPhase;
			buildActionMask = 2147483647;
			files = (
				D1684F971DD9C0420040510B /* Panda.m in Sources */,
				D1684F9D1DDA23BD0040510B /* GameItems.m in Sources */,
				D1684F9A1DDA18BF0040510B /* HUD.m in Sources */,
				D15461681D07294800127DB3 /* GameViewController.m in Sources */,
				D19866091D5C91390015C937 /* MenuScenesController.m in Sources */,
				D15379741D2BACB7004411E7 /* KKGameData.m in Sources */,
				D1684FA31DDAF75A0040510B /* LittlePandas.m in Sources */,
				D15461601D07294800127DB3 /* AppDelegate.m in Sources */,
				D15461631D07294800127DB3 /* GameScene.m in Sources */,
				D1684FA01DDA2C9C0040510B /* GameSceneWindows.m in Sources */,
				D154615D1D07294800127DB3 /* main.m in Sources */,
			);
			runOnlyForDeploymentPostprocessing = 0;
		};
		D15461721D07294900127DB3 /* Sources */ = {
			isa = PBXSourcesBuildPhase;
			buildActionMask = 2147483647;
			files = (
				D154617B1D07294900127DB3 /* GoPandaTests.m in Sources */,
			);
			runOnlyForDeploymentPostprocessing = 0;
		};
		D154617D1D07294900127DB3 /* Sources */ = {
			isa = PBXSourcesBuildPhase;
			buildActionMask = 2147483647;
			files = (
				D15461861D07294900127DB3 /* GoPandaUITests.m in Sources */,
			);
			runOnlyForDeploymentPostprocessing = 0;
		};
/* End PBXSourcesBuildPhase section */

/* Begin PBXTargetDependency section */
		D15461781D07294900127DB3 /* PBXTargetDependency */ = {
			isa = PBXTargetDependency;
			target = D15461571D07294800127DB3 /* GoPanda */;
			targetProxy = D15461771D07294900127DB3 /* PBXContainerItemProxy */;
		};
		D15461831D07294900127DB3 /* PBXTargetDependency */ = {
			isa = PBXTargetDependency;
			target = D15461571D07294800127DB3 /* GoPanda */;
			targetProxy = D15461821D07294900127DB3 /* PBXContainerItemProxy */;
		};
/* End PBXTargetDependency section */

/* Begin PBXVariantGroup section */
		D15461691D07294800127DB3 /* Main.storyboard */ = {
			isa = PBXVariantGroup;
			children = (
				D154616A1D07294800127DB3 /* Base */,
			);
			name = Main.storyboard;
			sourceTree = "<group>";
		};
		D154616E1D07294800127DB3 /* LaunchScreen.storyboard */ = {
			isa = PBXVariantGroup;
			children = (
				D154616F1D07294800127DB3 /* Base */,
			);
			name = LaunchScreen.storyboard;
			sourceTree = "<group>";
		};
/* End PBXVariantGroup section */

/* Begin XCBuildConfiguration section */
		D15461881D07294900127DB3 /* Debug */ = {
			isa = XCBuildConfiguration;
			buildSettings = {
				ALWAYS_SEARCH_USER_PATHS = NO;
				CLANG_ANALYZER_NONNULL = YES;
				CLANG_CXX_LANGUAGE_STANDARD = "gnu++0x";
				CLANG_CXX_LIBRARY = "libc++";
				CLANG_ENABLE_MODULES = YES;
				CLANG_ENABLE_OBJC_ARC = YES;
				CLANG_WARN_BOOL_CONVERSION = YES;
				CLANG_WARN_CONSTANT_CONVERSION = YES;
				CLANG_WARN_DIRECT_OBJC_ISA_USAGE = YES_ERROR;
				CLANG_WARN_EMPTY_BODY = YES;
				CLANG_WARN_ENUM_CONVERSION = YES;
				CLANG_WARN_INFINITE_RECURSION = YES;
				CLANG_WARN_INT_CONVERSION = YES;
				CLANG_WARN_OBJC_ROOT_CLASS = YES_ERROR;
				CLANG_WARN_SUSPICIOUS_MOVE = YES;
				CLANG_WARN_UNREACHABLE_CODE = YES;
				CLANG_WARN__DUPLICATE_METHOD_MATCH = YES;
				"CODE_SIGN_IDENTITY[sdk=iphoneos*]" = "iPhone Developer";
				COPY_PHASE_STRIP = NO;
				DEBUG_INFORMATION_FORMAT = "dwarf-with-dsym";
				ENABLE_STRICT_OBJC_MSGSEND = YES;
				ENABLE_TESTABILITY = YES;
				GCC_C_LANGUAGE_STANDARD = gnu99;
				GCC_DYNAMIC_NO_PIC = NO;
				GCC_NO_COMMON_BLOCKS = YES;
				GCC_OPTIMIZATION_LEVEL = 0;
				GCC_PREPROCESSOR_DEFINITIONS = (
					"DEBUG=1",
					"$(inherited)",
				);
				GCC_WARN_64_TO_32_BIT_CONVERSION = YES;
				GCC_WARN_ABOUT_RETURN_TYPE = YES_ERROR;
				GCC_WARN_UNDECLARED_SELECTOR = YES;
				GCC_WARN_UNINITIALIZED_AUTOS = YES_AGGRESSIVE;
				GCC_WARN_UNUSED_FUNCTION = YES;
				GCC_WARN_UNUSED_VARIABLE = YES;
				IPHONEOS_DEPLOYMENT_TARGET = 8.0;
				MTL_ENABLE_DEBUG_INFO = YES;
				ONLY_ACTIVE_ARCH = YES;
				SDKROOT = iphoneos;
				TARGETED_DEVICE_FAMILY = "1,2";
			};
			name = Debug;
		};
		D15461891D07294900127DB3 /* Release */ = {
			isa = XCBuildConfiguration;
			buildSettings = {
				ALWAYS_SEARCH_USER_PATHS = NO;
				CLANG_ANALYZER_NONNULL = YES;
				CLANG_CXX_LANGUAGE_STANDARD = "gnu++0x";
				CLANG_CXX_LIBRARY = "libc++";
				CLANG_ENABLE_MODULES = YES;
				CLANG_ENABLE_OBJC_ARC = YES;
				CLANG_WARN_BOOL_CONVERSION = YES;
				CLANG_WARN_CONSTANT_CONVERSION = YES;
				CLANG_WARN_DIRECT_OBJC_ISA_USAGE = YES_ERROR;
				CLANG_WARN_EMPTY_BODY = YES;
				CLANG_WARN_ENUM_CONVERSION = YES;
				CLANG_WARN_INFINITE_RECURSION = YES;
				CLANG_WARN_INT_CONVERSION = YES;
				CLANG_WARN_OBJC_ROOT_CLASS = YES_ERROR;
				CLANG_WARN_SUSPICIOUS_MOVE = YES;
				CLANG_WARN_UNREACHABLE_CODE = YES;
				CLANG_WARN__DUPLICATE_METHOD_MATCH = YES;
				"CODE_SIGN_IDENTITY[sdk=iphoneos*]" = "iPhone Developer";
				COPY_PHASE_STRIP = NO;
				DEBUG_INFORMATION_FORMAT = "dwarf-with-dsym";
				ENABLE_NS_ASSERTIONS = NO;
				ENABLE_STRICT_OBJC_MSGSEND = YES;
				GCC_C_LANGUAGE_STANDARD = gnu99;
				GCC_NO_COMMON_BLOCKS = YES;
				GCC_WARN_64_TO_32_BIT_CONVERSION = YES;
				GCC_WARN_ABOUT_RETURN_TYPE = YES_ERROR;
				GCC_WARN_UNDECLARED_SELECTOR = YES;
				GCC_WARN_UNINITIALIZED_AUTOS = YES_AGGRESSIVE;
				GCC_WARN_UNUSED_FUNCTION = YES;
				GCC_WARN_UNUSED_VARIABLE = YES;
				IPHONEOS_DEPLOYMENT_TARGET = 8.0;
				MTL_ENABLE_DEBUG_INFO = NO;
				SDKROOT = iphoneos;
				TARGETED_DEVICE_FAMILY = "1,2";
				VALIDATE_PRODUCT = YES;
			};
			name = Release;
		};
		D154618B1D07294900127DB3 /* Debug */ = {
			isa = XCBuildConfiguration;
			baseConfigurationReference = E5ABCA5B741C4C5A308EB770 /* Pods-GoPanda.debug.xcconfig */;
			buildSettings = {
				ASSETCATALOG_COMPILER_APPICON_NAME = AppIcon;
				CODE_SIGN_IDENTITY = "iPhone Developer";
				"CODE_SIGN_IDENTITY[sdk=iphoneos*]" = "iPhone Developer";
				DEVELOPMENT_TEAM = VFT96SPKF7;
				INFOPLIST_FILE = GoPanda/Info.plist;
				IPHONEOS_DEPLOYMENT_TARGET = 8.0;
				LD_RUNPATH_SEARCH_PATHS = "$(inherited) @executable_path/Frameworks";
				PRODUCT_BUNDLE_IDENTIFIER = novaK.GoPanda;
				PRODUCT_NAME = "$(TARGET_NAME)";
				TARGETED_DEVICE_FAMILY = 1;
			};
			name = Debug;
		};
		D154618C1D07294900127DB3 /* Release */ = {
			isa = XCBuildConfiguration;
			baseConfigurationReference = 319FDD38B5854E9CC4C88D87 /* Pods-GoPanda.release.xcconfig */;
			buildSettings = {
				ASSETCATALOG_COMPILER_APPICON_NAME = AppIcon;
				CODE_SIGN_IDENTITY = "iPhone Developer";
				"CODE_SIGN_IDENTITY[sdk=iphoneos*]" = "iPhone Developer";
				DEVELOPMENT_TEAM = VFT96SPKF7;
				INFOPLIST_FILE = GoPanda/Info.plist;
				IPHONEOS_DEPLOYMENT_TARGET = 8.0;
				LD_RUNPATH_SEARCH_PATHS = "$(inherited) @executable_path/Frameworks";
				PRODUCT_BUNDLE_IDENTIFIER = novaK.GoPanda;
				PRODUCT_NAME = "$(TARGET_NAME)";
				TARGETED_DEVICE_FAMILY = 1;
			};
			name = Release;
		};
		D154618E1D07294900127DB3 /* Debug */ = {
			isa = XCBuildConfiguration;
			buildSettings = {
				BUNDLE_LOADER = "$(TEST_HOST)";
				DEBUG_INFORMATION_FORMAT = dwarf;
				INFOPLIST_FILE = GoPandaTests/Info.plist;
				LD_RUNPATH_SEARCH_PATHS = "$(inherited) @executable_path/Frameworks @loader_path/Frameworks";
				PRODUCT_BUNDLE_IDENTIFIER = novaK.GoPandaTests;
				PRODUCT_NAME = "$(TARGET_NAME)";
				TEST_HOST = "$(BUILT_PRODUCTS_DIR)/GoPanda.app/GoPanda";
			};
			name = Debug;
		};
		D154618F1D07294900127DB3 /* Release */ = {
			isa = XCBuildConfiguration;
			buildSettings = {
				BUNDLE_LOADER = "$(TEST_HOST)";
				INFOPLIST_FILE = GoPandaTests/Info.plist;
				LD_RUNPATH_SEARCH_PATHS = "$(inherited) @executable_path/Frameworks @loader_path/Frameworks";
				PRODUCT_BUNDLE_IDENTIFIER = novaK.GoPandaTests;
				PRODUCT_NAME = "$(TARGET_NAME)";
				TEST_HOST = "$(BUILT_PRODUCTS_DIR)/GoPanda.app/GoPanda";
			};
			name = Release;
		};
		D15461911D07294900127DB3 /* Debug */ = {
			isa = XCBuildConfiguration;
			buildSettings = {
				DEBUG_INFORMATION_FORMAT = dwarf;
				INFOPLIST_FILE = GoPandaUITests/Info.plist;
				LD_RUNPATH_SEARCH_PATHS = "$(inherited) @executable_path/Frameworks @loader_path/Frameworks";
				PRODUCT_BUNDLE_IDENTIFIER = novaK.GoPandaUITests;
				PRODUCT_NAME = "$(TARGET_NAME)";
				TEST_TARGET_NAME = GoPanda;
			};
			name = Debug;
		};
		D15461921D07294900127DB3 /* Release */ = {
			isa = XCBuildConfiguration;
			buildSettings = {
				INFOPLIST_FILE = GoPandaUITests/Info.plist;
				LD_RUNPATH_SEARCH_PATHS = "$(inherited) @executable_path/Frameworks @loader_path/Frameworks";
				PRODUCT_BUNDLE_IDENTIFIER = novaK.GoPandaUITests;
				PRODUCT_NAME = "$(TARGET_NAME)";
				TEST_TARGET_NAME = GoPanda;
			};
			name = Release;
		};
/* End XCBuildConfiguration section */

/* Begin XCConfigurationList section */
		D15461531D07294800127DB3 /* Build configuration list for PBXProject "GoPanda" */ = {
			isa = XCConfigurationList;
			buildConfigurations = (
				D15461881D07294900127DB3 /* Debug */,
				D15461891D07294900127DB3 /* Release */,
			);
			defaultConfigurationIsVisible = 0;
			defaultConfigurationName = Release;
		};
		D154618A1D07294900127DB3 /* Build configuration list for PBXNativeTarget "GoPanda" */ = {
			isa = XCConfigurationList;
			buildConfigurations = (
				D154618B1D07294900127DB3 /* Debug */,
				D154618C1D07294900127DB3 /* Release */,
			);
			defaultConfigurationIsVisible = 0;
			defaultConfigurationName = Release;
		};
		D154618D1D07294900127DB3 /* Build configuration list for PBXNativeTarget "GoPandaTests" */ = {
			isa = XCConfigurationList;
			buildConfigurations = (
				D154618E1D07294900127DB3 /* Debug */,
				D154618F1D07294900127DB3 /* Release */,
			);
			defaultConfigurationIsVisible = 0;
			defaultConfigurationName = Release;
		};
		D15461901D07294900127DB3 /* Build configuration list for PBXNativeTarget "GoPandaUITests" */ = {
			isa = XCConfigurationList;
			buildConfigurations = (
				D15461911D07294900127DB3 /* Debug */,
				D15461921D07294900127DB3 /* Release */,
			);
			defaultConfigurationIsVisible = 0;
			defaultConfigurationName = Release;
		};
/* End XCConfigurationList section */
	};
	rootObject = D15461501D07294800127DB3 /* Project object */;
}
