// !$*UTF8*$!
{
	archiveVersion = 1;
	classes = {
	};
	objectVersion = 46;
	objects = {

/* Begin PBXBuildFile section */
		D12FF8131D0D5B8800AE8128 /* GameInfo.sks in Resources */ = {isa = PBXBuildFile; fileRef = D12FF8121D0D5B8800AE8128 /* GameInfo.sks */; };
		D12FF8161D0D5B9C00AE8128 /* GameInfo.m in Sources */ = {isa = PBXBuildFile; fileRef = D12FF8151D0D5B9C00AE8128 /* GameInfo.m */; };
		D12FF8181D0D610900AE8128 /* GameWin.sks in Resources */ = {isa = PBXBuildFile; fileRef = D12FF8171D0D610900AE8128 /* GameWin.sks */; };
		D12FF81B1D0D612300AE8128 /* GameWin.m in Sources */ = {isa = PBXBuildFile; fileRef = D12FF81A1D0D612300AE8128 /* GameWin.m */; };
		D12FF81D1D0D613300AE8128 /* GameLose.sks in Resources */ = {isa = PBXBuildFile; fileRef = D12FF81C1D0D613300AE8128 /* GameLose.sks */; };
		D12FF8201D0D614900AE8128 /* GameLose.m in Sources */ = {isa = PBXBuildFile; fileRef = D12FF81F1D0D614900AE8128 /* GameLose.m */; };
		D1516FB31D3647BF002DE76C /* Level1Scene.sks in Resources */ = {isa = PBXBuildFile; fileRef = D1516FB21D3647BF002DE76C /* Level1Scene.sks */; };
		D1516FB51D36481E002DE76C /* Level2Scene.sks in Resources */ = {isa = PBXBuildFile; fileRef = D1516FB41D36481E002DE76C /* Level2Scene.sks */; };
		D1516FB71D36482E002DE76C /* Level3Scene.sks in Resources */ = {isa = PBXBuildFile; fileRef = D1516FB61D36482E002DE76C /* Level3Scene.sks */; };
		D15286F01D089A7400C948CB /* GameAchievement.sks in Resources */ = {isa = PBXBuildFile; fileRef = D15286EF1D089A7400C948CB /* GameAchievement.sks */; };
		D15286F31D089A9500C948CB /* GameAchievement.m in Sources */ = {isa = PBXBuildFile; fileRef = D15286F21D089A9500C948CB /* GameAchievement.m */; };
		D15379741D2BACB7004411E7 /* KKGameData.m in Sources */ = {isa = PBXBuildFile; fileRef = D15379731D2BACB7004411E7 /* KKGameData.m */; };
		D154615D1D07294800127DB3 /* main.m in Sources */ = {isa = PBXBuildFile; fileRef = D154615C1D07294800127DB3 /* main.m */; };
		D15461601D07294800127DB3 /* AppDelegate.m in Sources */ = {isa = PBXBuildFile; fileRef = D154615F1D07294800127DB3 /* AppDelegate.m */; };
		D15461631D07294800127DB3 /* GameScene.m in Sources */ = {isa = PBXBuildFile; fileRef = D15461621D07294800127DB3 /* GameScene.m */; };
		D15461651D07294800127DB3 /* GameScene.sks in Resources */ = {isa = PBXBuildFile; fileRef = D15461641D07294800127DB3 /* GameScene.sks */; };
		D15461681D07294800127DB3 /* GameViewController.m in Sources */ = {isa = PBXBuildFile; fileRef = D15461671D07294800127DB3 /* GameViewController.m */; };
		D154616B1D07294800127DB3 /* Main.storyboard in Resources */ = {isa = PBXBuildFile; fileRef = D15461691D07294800127DB3 /* Main.storyboard */; };
		D154616D1D07294800127DB3 /* Assets.xcassets in Resources */ = {isa = PBXBuildFile; fileRef = D154616C1D07294800127DB3 /* Assets.xcassets */; };
		D15461701D07294800127DB3 /* LaunchScreen.storyboard in Resources */ = {isa = PBXBuildFile; fileRef = D154616E1D07294800127DB3 /* LaunchScreen.storyboard */; };
		D154617B1D07294900127DB3 /* GoPandaTests.m in Sources */ = {isa = PBXBuildFile; fileRef = D154617A1D07294900127DB3 /* GoPandaTests.m */; };
		D15461861D07294900127DB3 /* GoPandaUITests.m in Sources */ = {isa = PBXBuildFile; fileRef = D15461851D07294900127DB3 /* GoPandaUITests.m */; };
		D15461941D072E4600127DB3 /* GameStart.sks in Resources */ = {isa = PBXBuildFile; fileRef = D15461931D072E4600127DB3 /* GameStart.sks */; };
		D15461971D072E7C00127DB3 /* GameStart.m in Sources */ = {isa = PBXBuildFile; fileRef = D15461961D072E7C00127DB3 /* GameStart.m */; };
		D1566F721D362BA800A79A4A /* GameLevels.sks in Resources */ = {isa = PBXBuildFile; fileRef = D1566F711D362BA800A79A4A /* GameLevels.sks */; };
		D1566F751D362BF400A79A4A /* GameLevels.m in Sources */ = {isa = PBXBuildFile; fileRef = D1566F741D362BF400A79A4A /* GameLevels.m */; };
		D156F3481D07FDEF00C3282B /* GameSettings.sks in Resources */ = {isa = PBXBuildFile; fileRef = D156F3471D07FDEF00C3282B /* GameSettings.sks */; };
		D156F34B1D07FE1E00C3282B /* GameSettings.m in Sources */ = {isa = PBXBuildFile; fileRef = D156F34A1D07FE1E00C3282B /* GameSettings.m */; };
		D157518C1D37DAA30075A4B0 /* ParticleExit.sks in Resources */ = {isa = PBXBuildFile; fileRef = D157518A1D37DAA30075A4B0 /* ParticleExit.sks */; };
		D157518D1D37DAA30075A4B0 /* spark.png in Resources */ = {isa = PBXBuildFile; fileRef = D157518B1D37DAA30075A4B0 /* spark.png */; };
		D1EBD1371D149D4E00C82F48 /* CoreMotion.framework in Frameworks */ = {isa = PBXBuildFile; fileRef = D1EBD1361D149D4D00C82F48 /* CoreMotion.framework */; };
		E0A7195331CE0CC3E053B56B /* libPods-GoPanda.a in Frameworks */ = {isa = PBXBuildFile; fileRef = 21679484A824287AEDD1E60F /* libPods-GoPanda.a */; };
/* End PBXBuildFile section */

/* Begin PBXContainerItemProxy section */
		D15461771D07294900127DB3 /* PBXContainerItemProxy */ = {
			isa = PBXContainerItemProxy;
			containerPortal = D15461501D07294800127DB3 /* Project object */;
			proxyType = 1;
			remoteGlobalIDString = D15461571D07294800127DB3;
			remoteInfo = GoPanda;
		};
		D15461821D07294900127DB3 /* PBXContainerItemProxy */ = {
			isa = PBXContainerItemProxy;
			containerPortal = D15461501D07294800127DB3 /* Project object */;
			proxyType = 1;
			remoteGlobalIDString = D15461571D07294800127DB3;
			remoteInfo = GoPanda;
		};
/* End PBXContainerItemProxy section */

/* Begin PBXFileReference section */
		21679484A824287AEDD1E60F /* libPods-GoPanda.a */ = {isa = PBXFileReference; explicitFileType = archive.ar; includeInIndex = 0; path = "libPods-GoPanda.a"; sourceTree = BUILT_PRODUCTS_DIR; };
		319FDD38B5854E9CC4C88D87 /* Pods-GoPanda.release.xcconfig */ = {isa = PBXFileReference; includeInIndex = 1; lastKnownFileType = text.xcconfig; name = "Pods-GoPanda.release.xcconfig"; path = "Pods/Target Support Files/Pods-GoPanda/Pods-GoPanda.release.xcconfig"; sourceTree = "<group>"; };
		D12FF8121D0D5B8800AE8128 /* GameInfo.sks */ = {isa = PBXFileReference; lastKnownFileType = file.sks; path = GameInfo.sks; sourceTree = "<group>"; };
		D12FF8141D0D5B9C00AE8128 /* GameInfo.h */ = {isa = PBXFileReference; fileEncoding = 4; lastKnownFileType = sourcecode.c.h; path = GameInfo.h; sourceTree = "<group>"; };
		D12FF8151D0D5B9C00AE8128 /* GameInfo.m */ = {isa = PBXFileReference; fileEncoding = 4; lastKnownFileType = sourcecode.c.objc; path = GameInfo.m; sourceTree = "<group>"; };
		D12FF8171D0D610900AE8128 /* GameWin.sks */ = {isa = PBXFileReference; lastKnownFileType = file.sks; path = GameWin.sks; sourceTree = "<group>"; };
		D12FF8191D0D612300AE8128 /* GameWin.h */ = {isa = PBXFileReference; fileEncoding = 4; lastKnownFileType = sourcecode.c.h; path = GameWin.h; sourceTree = "<group>"; };
		D12FF81A1D0D612300AE8128 /* GameWin.m */ = {isa = PBXFileReference; fileEncoding = 4; lastKnownFileType = sourcecode.c.objc; path = GameWin.m; sourceTree = "<group>"; };
		D12FF81C1D0D613300AE8128 /* GameLose.sks */ = {isa = PBXFileReference; lastKnownFileType = file.sks; path = GameLose.sks; sourceTree = "<group>"; };
		D12FF81E1D0D614900AE8128 /* GameLose.h */ = {isa = PBXFileReference; fileEncoding = 4; lastKnownFileType = sourcecode.c.h; path = GameLose.h; sourceTree = "<group>"; };
		D12FF81F1D0D614900AE8128 /* GameLose.m */ = {isa = PBXFileReference; fileEncoding = 4; lastKnownFileType = sourcecode.c.objc; path = GameLose.m; sourceTree = "<group>"; };
		D1516FB21D3647BF002DE76C /* Level1Scene.sks */ = {isa = PBXFileReference; lastKnownFileType = file.sks; path = Level1Scene.sks; sourceTree = "<group>"; };
		D1516FB41D36481E002DE76C /* Level2Scene.sks */ = {isa = PBXFileReference; lastKnownFileType = file.sks; path = Level2Scene.sks; sourceTree = "<group>"; };
		D1516FB61D36482E002DE76C /* Level3Scene.sks */ = {isa = PBXFileReference; lastKnownFileType = file.sks; path = Level3Scene.sks; sourceTree = "<group>"; };
		D15286EF1D089A7400C948CB /* GameAchievement.sks */ = {isa = PBXFileReference; lastKnownFileType = file.sks; path = GameAchievement.sks; sourceTree = "<group>"; };
		D15286F11D089A9500C948CB /* GameAchievement.h */ = {isa = PBXFileReference; fileEncoding = 4; lastKnownFileType = sourcecode.c.h; path = GameAchievement.h; sourceTree = "<group>"; };
		D15286F21D089A9500C948CB /* GameAchievement.m */ = {isa = PBXFileReference; fileEncoding = 4; lastKnownFileType = sourcecode.c.objc; path = GameAchievement.m; sourceTree = "<group>"; };
		D15379721D2BACB7004411E7 /* KKGameData.h */ = {isa = PBXFileReference; fileEncoding = 4; lastKnownFileType = sourcecode.c.h; path = KKGameData.h; sourceTree = "<group>"; };
		D15379731D2BACB7004411E7 /* KKGameData.m */ = {isa = PBXFileReference; fileEncoding = 4; lastKnownFileType = sourcecode.c.objc; path = KKGameData.m; sourceTree = "<group>"; };
		D15461581D07294800127DB3 /* GoPanda.app */ = {isa = PBXFileReference; explicitFileType = wrapper.application; includeInIndex = 0; path = GoPanda.app; sourceTree = BUILT_PRODUCTS_DIR; };
		D154615C1D07294800127DB3 /* main.m */ = {isa = PBXFileReference; lastKnownFileType = sourcecode.c.objc; path = main.m; sourceTree = "<group>"; };
		D154615E1D07294800127DB3 /* AppDelegate.h */ = {isa = PBXFileReference; lastKnownFileType = sourcecode.c.h; path = AppDelegate.h; sourceTree = "<group>"; };
		D154615F1D07294800127DB3 /* AppDelegate.m */ = {isa = PBXFileReference; lastKnownFileType = sourcecode.c.objc; path = AppDelegate.m; sourceTree = "<group>"; };
		D15461611D07294800127DB3 /* GameScene.h */ = {isa = PBXFileReference; lastKnownFileType = sourcecode.c.h; path = GameScene.h; sourceTree = "<group>"; };
		D15461621D07294800127DB3 /* GameScene.m */ = {isa = PBXFileReference; lastKnownFileType = sourcecode.c.objc; path = GameScene.m; sourceTree = "<group>"; };
		D15461641D07294800127DB3 /* GameScene.sks */ = {isa = PBXFileReference; lastKnownFileType = file.sks; path = GameScene.sks; sourceTree = "<group>"; };
		D15461661D07294800127DB3 /* GameViewController.h */ = {isa = PBXFileReference; lastKnownFileType = sourcecode.c.h; path = GameViewController.h; sourceTree = "<group>"; };
		D15461671D07294800127DB3 /* GameViewController.m */ = {isa = PBXFileReference; lastKnownFileType = sourcecode.c.objc; path = GameViewController.m; sourceTree = "<group>"; };
		D154616A1D07294800127DB3 /* Base */ = {isa = PBXFileReference; lastKnownFileType = file.storyboard; name = Base; path = Base.lproj/Main.storyboard; sourceTree = "<group>"; };
		D154616C1D07294800127DB3 /* Assets.xcassets */ = {isa = PBXFileReference; lastKnownFileType = folder.assetcatalog; path = Assets.xcassets; sourceTree = "<group>"; };
		D154616F1D07294800127DB3 /* Base */ = {isa = PBXFileReference; lastKnownFileType = file.storyboard; name = Base; path = Base.lproj/LaunchScreen.storyboard; sourceTree = "<group>"; };
		D15461711D07294800127DB3 /* Info.plist */ = {isa = PBXFileReference; lastKnownFileType = text.plist.xml; path = Info.plist; sourceTree = "<group>"; };
		D15461761D07294900127DB3 /* GoPandaTests.xctest */ = {isa = PBXFileReference; explicitFileType = wrapper.cfbundle; includeInIndex = 0; path = GoPandaTests.xctest; sourceTree = BUILT_PRODUCTS_DIR; };
		D154617A1D07294900127DB3 /* GoPandaTests.m */ = {isa = PBXFileReference; lastKnownFileType = sourcecode.c.objc; path = GoPandaTests.m; sourceTree = "<group>"; };
		D154617C1D07294900127DB3 /* Info.plist */ = {isa = PBXFileReference; lastKnownFileType = text.plist.xml; path = Info.plist; sourceTree = "<group>"; };
		D15461811D07294900127DB3 /* GoPandaUITests.xctest */ = {isa = PBXFileReference; explicitFileType = wrapper.cfbundle; includeInIndex = 0; path = GoPandaUITests.xctest; sourceTree = BUILT_PRODUCTS_DIR; };
		D15461851D07294900127DB3 /* GoPandaUITests.m */ = {isa = PBXFileReference; lastKnownFileType = sourcecode.c.objc; path = GoPandaUITests.m; sourceTree = "<group>"; };
		D15461871D07294900127DB3 /* Info.plist */ = {isa = PBXFileReference; lastKnownFileType = text.plist.xml; path = Info.plist; sourceTree = "<group>"; };
		D15461931D072E4600127DB3 /* GameStart.sks */ = {isa = PBXFileReference; lastKnownFileType = file.sks; path = GameStart.sks; sourceTree = "<group>"; };
		D15461951D072E7C00127DB3 /* GameStart.h */ = {isa = PBXFileReference; fileEncoding = 4; lastKnownFileType = sourcecode.c.h; path = GameStart.h; sourceTree = "<group>"; };
		D15461961D072E7C00127DB3 /* GameStart.m */ = {isa = PBXFileReference; fileEncoding = 4; lastKnownFileType = sourcecode.c.objc; path = GameStart.m; sourceTree = "<group>"; };
		D1566F711D362BA800A79A4A /* GameLevels.sks */ = {isa = PBXFileReference; lastKnownFileType = file.sks; path = GameLevels.sks; sourceTree = "<group>"; };
		D1566F731D362BF400A79A4A /* GameLevels.h */ = {isa = PBXFileReference; fileEncoding = 4; lastKnownFileType = sourcecode.c.h; path = GameLevels.h; sourceTree = "<group>"; };
		D1566F741D362BF400A79A4A /* GameLevels.m */ = {isa = PBXFileReference; fileEncoding = 4; lastKnownFileType = sourcecode.c.objc; path = GameLevels.m; sourceTree = "<group>"; };
		D156F3471D07FDEF00C3282B /* GameSettings.sks */ = {isa = PBXFileReference; lastKnownFileType = file.sks; path = GameSettings.sks; sourceTree = "<group>"; };
		D156F3491D07FE1E00C3282B /* GameSettings.h */ = {isa = PBXFileReference; fileEncoding = 4; lastKnownFileType = sourcecode.c.h; path = GameSettings.h; sourceTree = "<group>"; };
		D156F34A1D07FE1E00C3282B /* GameSettings.m */ = {isa = PBXFileReference; fileEncoding = 4; lastKnownFileType = sourcecode.c.objc; path = GameSettings.m; sourceTree = "<group>"; };
		D157518A1D37DAA30075A4B0 /* ParticleExit.sks */ = {isa = PBXFileReference; lastKnownFileType = file.sks; path = ParticleExit.sks; sourceTree = "<group>"; };
		D157518B1D37DAA30075A4B0 /* spark.png */ = {isa = PBXFileReference; lastKnownFileType = image.png; path = spark.png; sourceTree = "<group>"; };
		D1EBD1361D149D4D00C82F48 /* CoreMotion.framework */ = {isa = PBXFileReference; lastKnownFileType = wrapper.framework; name = CoreMotion.framework; path = System/Library/Frameworks/CoreMotion.framework; sourceTree = SDKROOT; };
		E5ABCA5B741C4C5A308EB770 /* Pods-GoPanda.debug.xcconfig */ = {isa = PBXFileReference; includeInIndex = 1; lastKnownFileType = text.xcconfig; name = "Pods-GoPanda.debug.xcconfig"; path = "Pods/Target Support Files/Pods-GoPanda/Pods-GoPanda.debug.xcconfig"; sourceTree = "<group>"; };
/* End PBXFileReference section */

/* Begin PBXFrameworksBuildPhase section */
		D15461551D07294800127DB3 /* Frameworks */ = {
			isa = PBXFrameworksBuildPhase;
			buildActionMask = 2147483647;
			files = (
				D1EBD1371D149D4E00C82F48 /* CoreMotion.framework in Frameworks */,
				E0A7195331CE0CC3E053B56B /* libPods-GoPanda.a in Frameworks */,
			);
			runOnlyForDeploymentPostprocessing = 0;
		};
		D15461731D07294900127DB3 /* Frameworks */ = {
			isa = PBXFrameworksBuildPhase;
			buildActionMask = 2147483647;
			files = (
			);
			runOnlyForDeploymentPostprocessing = 0;
		};
		D154617E1D07294900127DB3 /* Frameworks */ = {
			isa = PBXFrameworksBuildPhase;
			buildActionMask = 2147483647;
			files = (
			);
			runOnlyForDeploymentPostprocessing = 0;
		};
/* End PBXFrameworksBuildPhase section */

/* Begin PBXGroup section */
		4844836AC47221B8BEE1A5FD /* Pods */ = {
			isa = PBXGroup;
			children = (
				E5ABCA5B741C4C5A308EB770 /* Pods-GoPanda.debug.xcconfig */,
				319FDD38B5854E9CC4C88D87 /* Pods-GoPanda.release.xcconfig */,
			);
			name = Pods;
			sourceTree = "<group>";
		};
		5FB6F37878D169D80DB69A19 /* Frameworks */ = {
			isa = PBXGroup;
			children = (
				D1EBD1361D149D4D00C82F48 /* CoreMotion.framework */,
				21679484A824287AEDD1E60F /* libPods-GoPanda.a */,
			);
			name = Frameworks;
			sourceTree = "<group>";
		};
		D1516FB11D36478F002DE76C /* Levels */ = {
			isa = PBXGroup;
			children = (
				D1516FB21D3647BF002DE76C /* Level1Scene.sks */,
				D1516FB41D36481E002DE76C /* Level2Scene.sks */,
				D1516FB61D36482E002DE76C /* Level3Scene.sks */,
				D15461641D07294800127DB3 /* GameScene.sks */,
				D157518A1D37DAA30075A4B0 /* ParticleExit.sks */,
				D157518B1D37DAA30075A4B0 /* spark.png */,
			);
			name = Levels;
			sourceTree = "<group>";
		};
		D154614F1D07294800127DB3 = {
			isa = PBXGroup;
			children = (
				D154615A1D07294800127DB3 /* GoPanda */,
				D15461791D07294900127DB3 /* GoPandaTests */,
				D15461841D07294900127DB3 /* GoPandaUITests */,
				D15461591D07294800127DB3 /* Products */,
				4844836AC47221B8BEE1A5FD /* Pods */,
				5FB6F37878D169D80DB69A19 /* Frameworks */,
			);
			sourceTree = "<group>";
		};
		D15461591D07294800127DB3 /* Products */ = {
			isa = PBXGroup;
			children = (
				D15461581D07294800127DB3 /* GoPanda.app */,
				D15461761D07294900127DB3 /* GoPandaTests.xctest */,
				D15461811D07294900127DB3 /* GoPandaUITests.xctest */,
			);
			name = Products;
			sourceTree = "<group>";
		};
		D154615A1D07294800127DB3 /* GoPanda */ = {
			isa = PBXGroup;
			children = (
				D1516FB11D36478F002DE76C /* Levels */,
				D15461611D07294800127DB3 /* GameScene.h */,
				D15461621D07294800127DB3 /* GameScene.m */,
				D15379721D2BACB7004411E7 /* KKGameData.h */,
				D15379731D2BACB7004411E7 /* KKGameData.m */,
				D154615E1D07294800127DB3 /* AppDelegate.h */,
				D154615F1D07294800127DB3 /* AppDelegate.m */,
				D15461931D072E4600127DB3 /* GameStart.sks */,
				D15461951D072E7C00127DB3 /* GameStart.h */,
				D15461961D072E7C00127DB3 /* GameStart.m */,
				D156F3471D07FDEF00C3282B /* GameSettings.sks */,
				D156F3491D07FE1E00C3282B /* GameSettings.h */,
				D156F34A1D07FE1E00C3282B /* GameSettings.m */,
				D15286EF1D089A7400C948CB /* GameAchievement.sks */,
				D15286F11D089A9500C948CB /* GameAchievement.h */,
				D15286F21D089A9500C948CB /* GameAchievement.m */,
				D1566F711D362BA800A79A4A /* GameLevels.sks */,
				D1566F731D362BF400A79A4A /* GameLevels.h */,
				D1566F741D362BF400A79A4A /* GameLevels.m */,
				D12FF8121D0D5B8800AE8128 /* GameInfo.sks */,
				D12FF8141D0D5B9C00AE8128 /* GameInfo.h */,
				D12FF8151D0D5B9C00AE8128 /* GameInfo.m */,
				D12FF8171D0D610900AE8128 /* GameWin.sks */,
				D12FF8191D0D612300AE8128 /* GameWin.h */,
				D12FF81A1D0D612300AE8128 /* GameWin.m */,
				D12FF81C1D0D613300AE8128 /* GameLose.sks */,
				D12FF81E1D0D614900AE8128 /* GameLose.h */,
				D12FF81F1D0D614900AE8128 /* GameLose.m */,
				D15461661D07294800127DB3 /* GameViewController.h */,
				D15461671D07294800127DB3 /* GameViewController.m */,
				D15461691D07294800127DB3 /* Main.storyboard */,
				D154616C1D07294800127DB3 /* Assets.xcassets */,
				D154616E1D07294800127DB3 /* LaunchScreen.storyboard */,
				D15461711D07294800127DB3 /* Info.plist */,
				D154615B1D07294800127DB3 /* Supporting Files */,
			);
			path = GoPanda;
			sourceTree = "<group>";
		};
		D154615B1D07294800127DB3 /* Supporting Files */ = {
			isa = PBXGroup;
			children = (
				D154615C1D07294800127DB3 /* main.m */,
			);
			name = "Supporting Files";
			sourceTree = "<group>";
		};
		D15461791D07294900127DB3 /* GoPandaTests */ = {
			isa = PBXGroup;
			children = (
				D154617A1D07294900127DB3 /* GoPandaTests.m */,
				D154617C1D07294900127DB3 /* Info.plist */,
			);
			path = GoPandaTests;
			sourceTree = "<group>";
		};
		D15461841D07294900127DB3 /* GoPandaUITests */ = {
			isa = PBXGroup;
			children = (
				D15461851D07294900127DB3 /* GoPandaUITests.m */,
				D15461871D07294900127DB3 /* Info.plist */,
			);
			path = GoPandaUITests;
			sourceTree = "<group>";
		};
/* End PBXGroup section */

/* Begin PBXNativeTarget section */
		D15461571D07294800127DB3 /* GoPanda */ = {
			isa = PBXNativeTarget;
			buildConfigurationList = D154618A1D07294900127DB3 /* Build configuration list for PBXNativeTarget "GoPanda" */;
			buildPhases = (
				0C4A62C9A4FF6560C133AE0D /* Check Pods Manifest.lock */,
				D15461541D07294800127DB3 /* Sources */,
				D15461551D07294800127DB3 /* Frameworks */,
				D15461561D07294800127DB3 /* Resources */,
				4A22C56F8DD0739109240AC8 /* Embed Pods Frameworks */,
				E4BD291F931820FBE43689F5 /* Copy Pods Resources */,
			);
			buildRules = (
			);
			dependencies = (
			);
			name = GoPanda;
			productName = GoPanda;
			productReference = D15461581D07294800127DB3 /* GoPanda.app */;
			productType = "com.apple.product-type.application";
		};
		D15461751D07294900127DB3 /* GoPandaTests */ = {
			isa = PBXNativeTarget;
			buildConfigurationList = D154618D1D07294900127DB3 /* Build configuration list for PBXNativeTarget "GoPandaTests" */;
			buildPhases = (
				D15461721D07294900127DB3 /* Sources */,
				D15461731D07294900127DB3 /* Frameworks */,
				D15461741D07294900127DB3 /* Resources */,
			);
			buildRules = (
			);
			dependencies = (
				D15461781D07294900127DB3 /* PBXTargetDependency */,
			);
			name = GoPandaTests;
			productName = GoPandaTests;
			productReference = D15461761D07294900127DB3 /* GoPandaTests.xctest */;
			productType = "com.apple.product-type.bundle.unit-test";
		};
		D15461801D07294900127DB3 /* GoPandaUITests */ = {
			isa = PBXNativeTarget;
			buildConfigurationList = D15461901D07294900127DB3 /* Build configuration list for PBXNativeTarget "GoPandaUITests" */;
			buildPhases = (
				D154617D1D07294900127DB3 /* Sources */,
				D154617E1D07294900127DB3 /* Frameworks */,
				D154617F1D07294900127DB3 /* Resources */,
			);
			buildRules = (
			);
			dependencies = (
				D15461831D07294900127DB3 /* PBXTargetDependency */,
			);
			name = GoPandaUITests;
			productName = GoPandaUITests;
			productReference = D15461811D07294900127DB3 /* GoPandaUITests.xctest */;
			productType = "com.apple.product-type.bundle.ui-testing";
		};
/* End PBXNativeTarget section */

/* Begin PBXProject section */
		D15461501D07294800127DB3 /* Project object */ = {
			isa = PBXProject;
			attributes = {
				LastUpgradeCheck = 0730;
				ORGANIZATIONNAME = "Ekaterina Krasnova";
				TargetAttributes = {
					D15461571D07294800127DB3 = {
						CreatedOnToolsVersion = 7.3.1;
						DevelopmentTeam = VFT96SPKF7;
					};
					D15461751D07294900127DB3 = {
						CreatedOnToolsVersion = 7.3.1;
						DevelopmentTeam = VFT96SPKF7;
						TestTargetID = D15461571D07294800127DB3;
					};
					D15461801D07294900127DB3 = {
						CreatedOnToolsVersion = 7.3.1;
						DevelopmentTeam = VFT96SPKF7;
						TestTargetID = D15461571D07294800127DB3;
					};
				};
			};
			buildConfigurationList = D15461531D07294800127DB3 /* Build configuration list for PBXProject "GoPanda" */;
			compatibilityVersion = "Xcode 3.2";
			developmentRegion = English;
			hasScannedForEncodings = 0;
			knownRegions = (
				en,
				Base,
			);
			mainGroup = D154614F1D07294800127DB3;
			productRefGroup = D15461591D07294800127DB3 /* Products */;
			projectDirPath = "";
			projectRoot = "";
			targets = (
				D15461571D07294800127DB3 /* GoPanda */,
				D15461751D07294900127DB3 /* GoPandaTests */,
				D15461801D07294900127DB3 /* GoPandaUITests */,
			);
		};
/* End PBXProject section */

/* Begin PBXResourcesBuildPhase section */
		D15461561D07294800127DB3 /* Resources */ = {
			isa = PBXResourcesBuildPhase;
			buildActionMask = 2147483647;
			files = (
				D157518C1D37DAA30075A4B0 /* ParticleExit.sks in Resources */,
				D1516FB51D36481E002DE76C /* Level2Scene.sks in Resources */,
				D15461651D07294800127DB3 /* GameScene.sks in Resources */,
				D12FF8181D0D610900AE8128 /* GameWin.sks in Resources */,
				D12FF8131D0D5B8800AE8128 /* GameInfo.sks in Resources */,
				D15461701D07294800127DB3 /* LaunchScreen.storyboard in Resources */,
				D15461941D072E4600127DB3 /* GameStart.sks in Resources */,
				D15286F01D089A7400C948CB /* GameAchievement.sks in Resources */,
				D12FF81D1D0D613300AE8128 /* GameLose.sks in Resources */,
				D1566F721D362BA800A79A4A /* GameLevels.sks in Resources */,
				D1516FB71D36482E002DE76C /* Level3Scene.sks in Resources */,
				D154616D1D07294800127DB3 /* Assets.xcassets in Resources */,
				D1516FB31D3647BF002DE76C /* Level1Scene.sks in Resources */,
				D157518D1D37DAA30075A4B0 /* spark.png in Resources */,
				D154616B1D07294800127DB3 /* Main.storyboard in Resources */,
				D156F3481D07FDEF00C3282B /* GameSettings.sks in Resources */,
			);
			runOnlyForDeploymentPostprocessing = 0;
		};
		D15461741D07294900127DB3 /* Resources */ = {
			isa = PBXResourcesBuildPhase;
			buildActionMask = 2147483647;
			files = (
			);
			runOnlyForDeploymentPostprocessing = 0;
		};
		D154617F1D07294900127DB3 /* Resources */ = {
			isa = PBXResourcesBuildPhase;
			buildActionMask = 2147483647;
			files = (
			);
			runOnlyForDeploymentPostprocessing = 0;
		};
/* End PBXResourcesBuildPhase section */

/* Begin PBXShellScriptBuildPhase section */
		0C4A62C9A4FF6560C133AE0D /* Check Pods Manifest.lock */ = {
			isa = PBXShellScriptBuildPhase;
			buildActionMask = 2147483647;
			files = (
			);
			inputPaths = (
			);
			name = "Check Pods Manifest.lock";
			outputPaths = (
			);
			runOnlyForDeploymentPostprocessing = 0;
			shellPath = /bin/sh;
			shellScript = "diff \"${PODS_ROOT}/../Podfile.lock\" \"${PODS_ROOT}/Manifest.lock\" > /dev/null\nif [[ $? != 0 ]] ; then\n    cat << EOM\nerror: The sandbox is not in sync with the Podfile.lock. Run 'pod install' or update your CocoaPods installation.\nEOM\n    exit 1\nfi\n";
			showEnvVarsInLog = 0;
		};
		4A22C56F8DD0739109240AC8 /* Embed Pods Frameworks */ = {
			isa = PBXShellScriptBuildPhase;
			buildActionMask = 2147483647;
			files = (
			);
			inputPaths = (
			);
			name = "Embed Pods Frameworks";
			outputPaths = (
			);
			runOnlyForDeploymentPostprocessing = 0;
			shellPath = /bin/sh;
			shellScript = "\"${SRCROOT}/Pods/Target Support Files/Pods-GoPanda/Pods-GoPanda-frameworks.sh\"\n";
			showEnvVarsInLog = 0;
		};
		E4BD291F931820FBE43689F5 /* Copy Pods Resources */ = {
			isa = PBXShellScriptBuildPhase;
			buildActionMask = 2147483647;
			files = (
			);
			inputPaths = (
			);
			name = "Copy Pods Resources";
			outputPaths = (
			);
			runOnlyForDeploymentPostprocessing = 0;
			shellPath = /bin/sh;
			shellScript = "\"${SRCROOT}/Pods/Target Support Files/Pods-GoPanda/Pods-GoPanda-resources.sh\"\n";
			showEnvVarsInLog = 0;
		};
/* End PBXShellScriptBuildPhase section */

/* Begin PBXSourcesBuildPhase section */
		D15461541D07294800127DB3 /* Sources */ = {
			isa = PBXSourcesBuildPhase;
			buildActionMask = 2147483647;
			files = (
				D1566F751D362BF400A79A4A /* GameLevels.m in Sources */,
				D156F34B1D07FE1E00C3282B /* GameSettings.m in Sources */,
				D15461971D072E7C00127DB3 /* GameStart.m in Sources */,
				D15461681D07294800127DB3 /* GameViewController.m in Sources */,
				D15379741D2BACB7004411E7 /* KKGameData.m in Sources */,
				D12FF8161D0D5B9C00AE8128 /* GameInfo.m in Sources */,
				D15461601D07294800127DB3 /* AppDelegate.m in Sources */,
				D15286F31D089A9500C948CB /* GameAchievement.m in Sources */,
				D12FF8201D0D614900AE8128 /* GameLose.m in Sources */,
				D15461631D07294800127DB3 /* GameScene.m in Sources */,
				D154615D1D07294800127DB3 /* main.m in Sources */,
				D12FF81B1D0D612300AE8128 /* GameWin.m in Sources */,
			);
			runOnlyForDeploymentPostprocessing = 0;
		};
		D15461721D07294900127DB3 /* Sources */ = {
			isa = PBXSourcesBuildPhase;
			buildActionMask = 2147483647;
			files = (
				D154617B1D07294900127DB3 /* GoPandaTests.m in Sources */,
			);
			runOnlyForDeploymentPostprocessing = 0;
		};
		D154617D1D07294900127DB3 /* Sources */ = {
			isa = PBXSourcesBuildPhase;
			buildActionMask = 2147483647;
			files = (
				D15461861D07294900127DB3 /* GoPandaUITests.m in Sources */,
			);
			runOnlyForDeploymentPostprocessing = 0;
		};
/* End PBXSourcesBuildPhase section */

/* Begin PBXTargetDependency section */
		D15461781D07294900127DB3 /* PBXTargetDependency */ = {
			isa = PBXTargetDependency;
			target = D15461571D07294800127DB3 /* GoPanda */;
			targetProxy = D15461771D07294900127DB3 /* PBXContainerItemProxy */;
		};
		D15461831D07294900127DB3 /* PBXTargetDependency */ = {
			isa = PBXTargetDependency;
			target = D15461571D07294800127DB3 /* GoPanda */;
			targetProxy = D15461821D07294900127DB3 /* PBXContainerItemProxy */;
		};
/* End PBXTargetDependency section */

/* Begin PBXVariantGroup section */
		D15461691D07294800127DB3 /* Main.storyboard */ = {
			isa = PBXVariantGroup;
			children = (
				D154616A1D07294800127DB3 /* Base */,
			);
			name = Main.storyboard;
			sourceTree = "<group>";
		};
		D154616E1D07294800127DB3 /* LaunchScreen.storyboard */ = {
			isa = PBXVariantGroup;
			children = (
				D154616F1D07294800127DB3 /* Base */,
			);
			name = LaunchScreen.storyboard;
			sourceTree = "<group>";
		};
/* End PBXVariantGroup section */

/* Begin XCBuildConfiguration section */
		D15461881D07294900127DB3 /* Debug */ = {
			isa = XCBuildConfiguration;
			buildSettings = {
				ALWAYS_SEARCH_USER_PATHS = NO;
				CLANG_ANALYZER_NONNULL = YES;
				CLANG_CXX_LANGUAGE_STANDARD = "gnu++0x";
				CLANG_CXX_LIBRARY = "libc++";
				CLANG_ENABLE_MODULES = YES;
				CLANG_ENABLE_OBJC_ARC = YES;
				CLANG_WARN_BOOL_CONVERSION = YES;
				CLANG_WARN_CONSTANT_CONVERSION = YES;
				CLANG_WARN_DIRECT_OBJC_ISA_USAGE = YES_ERROR;
				CLANG_WARN_EMPTY_BODY = YES;
				CLANG_WARN_ENUM_CONVERSION = YES;
				CLANG_WARN_INT_CONVERSION = YES;
				CLANG_WARN_OBJC_ROOT_CLASS = YES_ERROR;
				CLANG_WARN_UNREACHABLE_CODE = YES;
				CLANG_WARN__DUPLICATE_METHOD_MATCH = YES;
				"CODE_SIGN_IDENTITY[sdk=iphoneos*]" = "iPhone Developer";
				COPY_PHASE_STRIP = NO;
				DEBUG_INFORMATION_FORMAT = "dwarf-with-dsym";
				ENABLE_STRICT_OBJC_MSGSEND = YES;
				ENABLE_TESTABILITY = YES;
				GCC_C_LANGUAGE_STANDARD = gnu99;
				GCC_DYNAMIC_NO_PIC = NO;
				GCC_NO_COMMON_BLOCKS = YES;
				GCC_OPTIMIZATION_LEVEL = 0;
				GCC_PREPROCESSOR_DEFINITIONS = (
					"DEBUG=1",
					"$(inherited)",
				);
				GCC_WARN_64_TO_32_BIT_CONVERSION = YES;
				GCC_WARN_ABOUT_RETURN_TYPE = YES_ERROR;
				GCC_WARN_UNDECLARED_SELECTOR = YES;
				GCC_WARN_UNINITIALIZED_AUTOS = YES_AGGRESSIVE;
				GCC_WARN_UNUSED_FUNCTION = YES;
				GCC_WARN_UNUSED_VARIABLE = YES;
				IPHONEOS_DEPLOYMENT_TARGET = 9.3;
				MTL_ENABLE_DEBUG_INFO = YES;
				ONLY_ACTIVE_ARCH = YES;
				SDKROOT = iphoneos;
				TARGETED_DEVICE_FAMILY = "1,2";
			};
			name = Debug;
		};
		D15461891D07294900127DB3 /* Release */ = {
			isa = XCBuildConfiguration;
			buildSettings = {
				ALWAYS_SEARCH_USER_PATHS = NO;
				CLANG_ANALYZER_NONNULL = YES;
				CLANG_CXX_LANGUAGE_STANDARD = "gnu++0x";
				CLANG_CXX_LIBRARY = "libc++";
				CLANG_ENABLE_MODULES = YES;
				CLANG_ENABLE_OBJC_ARC = YES;
				CLANG_WARN_BOOL_CONVERSION = YES;
				CLANG_WARN_CONSTANT_CONVERSION = YES;
				CLANG_WARN_DIRECT_OBJC_ISA_USAGE = YES_ERROR;
				CLANG_WARN_EMPTY_BODY = YES;
				CLANG_WARN_ENUM_CONVERSION = YES;
				CLANG_WARN_INT_CONVERSION = YES;
				CLANG_WARN_OBJC_ROOT_CLASS = YES_ERROR;
				CLANG_WARN_UNREACHABLE_CODE = YES;
				CLANG_WARN__DUPLICATE_METHOD_MATCH = YES;
				"CODE_SIGN_IDENTITY[sdk=iphoneos*]" = "iPhone Developer";
				COPY_PHASE_STRIP = NO;
				DEBUG_INFORMATION_FORMAT = "dwarf-with-dsym";
				ENABLE_NS_ASSERTIONS = NO;
				ENABLE_STRICT_OBJC_MSGSEND = YES;
				GCC_C_LANGUAGE_STANDARD = gnu99;
				GCC_NO_COMMON_BLOCKS = YES;
				GCC_WARN_64_TO_32_BIT_CONVERSION = YES;
				GCC_WARN_ABOUT_RETURN_TYPE = YES_ERROR;
				GCC_WARN_UNDECLARED_SELECTOR = YES;
				GCC_WARN_UNINITIALIZED_AUTOS = YES_AGGRESSIVE;
				GCC_WARN_UNUSED_FUNCTION = YES;
				GCC_WARN_UNUSED_VARIABLE = YES;
				IPHONEOS_DEPLOYMENT_TARGET = 9.3;
				MTL_ENABLE_DEBUG_INFO = NO;
				SDKROOT = iphoneos;
				TARGETED_DEVICE_FAMILY = "1,2";
				VALIDATE_PRODUCT = YES;
			};
			name = Release;
		};
		D154618B1D07294900127DB3 /* Debug */ = {
			isa = XCBuildConfiguration;
			baseConfigurationReference = E5ABCA5B741C4C5A308EB770 /* Pods-GoPanda.debug.xcconfig */;
			buildSettings = {
				ASSETCATALOG_COMPILER_APPICON_NAME = AppIcon;
				CODE_SIGN_IDENTITY = "iPhone Developer";
				INFOPLIST_FILE = GoPanda/Info.plist;
				IPHONEOS_DEPLOYMENT_TARGET = 7.0;
				LD_RUNPATH_SEARCH_PATHS = "$(inherited) @executable_path/Frameworks";
				PRODUCT_BUNDLE_IDENTIFIER = novaK.GoPanda;
				PRODUCT_NAME = "$(TARGET_NAME)";
				TARGETED_DEVICE_FAMILY = 1;
			};
			name = Debug;
		};
		D154618C1D07294900127DB3 /* Release */ = {
			isa = XCBuildConfiguration;
			baseConfigurationReference = 319FDD38B5854E9CC4C88D87 /* Pods-GoPanda.release.xcconfig */;
			buildSettings = {
				ASSETCATALOG_COMPILER_APPICON_NAME = AppIcon;
				CODE_SIGN_IDENTITY = "iPhone Developer";
				INFOPLIST_FILE = GoPanda/Info.plist;
				IPHONEOS_DEPLOYMENT_TARGET = 7.0;
				LD_RUNPATH_SEARCH_PATHS = "$(inherited) @executable_path/Frameworks";
				PRODUCT_BUNDLE_IDENTIFIER = novaK.GoPanda;
				PRODUCT_NAME = "$(TARGET_NAME)";
				TARGETED_DEVICE_FAMILY = 1;
			};
			name = Release;
		};
		D154618E1D07294900127DB3 /* Debug */ = {
			isa = XCBuildConfiguration;
			buildSettings = {
				BUNDLE_LOADER = "$(TEST_HOST)";
				DEBUG_INFORMATION_FORMAT = dwarf;
				INFOPLIST_FILE = GoPandaTests/Info.plist;
				LD_RUNPATH_SEARCH_PATHS = "$(inherited) @executable_path/Frameworks @loader_path/Frameworks";
				PRODUCT_BUNDLE_IDENTIFIER = novaK.GoPandaTests;
				PRODUCT_NAME = "$(TARGET_NAME)";
				TEST_HOST = "$(BUILT_PRODUCTS_DIR)/GoPanda.app/GoPanda";
			};
			name = Debug;
		};
		D154618F1D07294900127DB3 /* Release */ = {
			isa = XCBuildConfiguration;
			buildSettings = {
				BUNDLE_LOADER = "$(TEST_HOST)";
				INFOPLIST_FILE = GoPandaTests/Info.plist;
				LD_RUNPATH_SEARCH_PATHS = "$(inherited) @executable_path/Frameworks @loader_path/Frameworks";
				PRODUCT_BUNDLE_IDENTIFIER = novaK.GoPandaTests;
				PRODUCT_NAME = "$(TARGET_NAME)";
				TEST_HOST = "$(BUILT_PRODUCTS_DIR)/GoPanda.app/GoPanda";
			};
			name = Release;
		};
		D15461911D07294900127DB3 /* Debug */ = {
			isa = XCBuildConfiguration;
			buildSettings = {
				DEBUG_INFORMATION_FORMAT = dwarf;
				INFOPLIST_FILE = GoPandaUITests/Info.plist;
				LD_RUNPATH_SEARCH_PATHS = "$(inherited) @executable_path/Frameworks @loader_path/Frameworks";
				PRODUCT_BUNDLE_IDENTIFIER = novaK.GoPandaUITests;
				PRODUCT_NAME = "$(TARGET_NAME)";
				TEST_TARGET_NAME = GoPanda;
			};
			name = Debug;
		};
		D15461921D07294900127DB3 /* Release */ = {
			isa = XCBuildConfiguration;
			buildSettings = {
				INFOPLIST_FILE = GoPandaUITests/Info.plist;
				LD_RUNPATH_SEARCH_PATHS = "$(inherited) @executable_path/Frameworks @loader_path/Frameworks";
				PRODUCT_BUNDLE_IDENTIFIER = novaK.GoPandaUITests;
				PRODUCT_NAME = "$(TARGET_NAME)";
				TEST_TARGET_NAME = GoPanda;
			};
			name = Release;
		};
/* End XCBuildConfiguration section */

/* Begin XCConfigurationList section */
		D15461531D07294800127DB3 /* Build configuration list for PBXProject "GoPanda" */ = {
			isa = XCConfigurationList;
			buildConfigurations = (
				D15461881D07294900127DB3 /* Debug */,
				D15461891D07294900127DB3 /* Release */,
			);
			defaultConfigurationIsVisible = 0;
			defaultConfigurationName = Release;
		};
		D154618A1D07294900127DB3 /* Build configuration list for PBXNativeTarget "GoPanda" */ = {
			isa = XCConfigurationList;
			buildConfigurations = (
				D154618B1D07294900127DB3 /* Debug */,
				D154618C1D07294900127DB3 /* Release */,
			);
			defaultConfigurationIsVisible = 0;
			defaultConfigurationName = Release;
		};
		D154618D1D07294900127DB3 /* Build configuration list for PBXNativeTarget "GoPandaTests" */ = {
			isa = XCConfigurationList;
			buildConfigurations = (
				D154618E1D07294900127DB3 /* Debug */,
				D154618F1D07294900127DB3 /* Release */,
			);
			defaultConfigurationIsVisible = 0;
			defaultConfigurationName = Release;
		};
		D15461901D07294900127DB3 /* Build configuration list for PBXNativeTarget "GoPandaUITests" */ = {
			isa = XCConfigurationList;
			buildConfigurations = (
				D15461911D07294900127DB3 /* Debug */,
				D15461921D07294900127DB3 /* Release */,
			);
			defaultConfigurationIsVisible = 0;
			defaultConfigurationName = Release;
		};
/* End XCConfigurationList section */
	};
	rootObject = D15461501D07294800127DB3 /* Project object */;
}
